// !$*UTF8*$!
{
	archiveVersion = 1;
	classes = {
	};
	objectVersion = 50;
	objects = {

/* Begin PBXBuildFile section */
		C90ADD5A2324347F001F0E69 /* screenshot.swift in Sources */ = {isa = PBXBuildFile; fileRef = C90ADD592324347F001F0E69 /* screenshot.swift */; };
		C90D816D232C3E7C002F48D2 /* usr.zip in Resources */ = {isa = PBXBuildFile; fileRef = C90D816C232C3E7C002F48D2 /* usr.zip */; };
		C90D8170232C3EB5002F48D2 /* ZipArchive.framework in Embed Frameworks */ = {isa = PBXBuildFile; fileRef = C90D8165232C3D85002F48D2 /* ZipArchive.framework */; settings = {ATTRIBUTES = (CodeSignOnCopy, RemoveHeadersOnCopy, ); }; };
		C90D8171232C3EB9002F48D2 /* ZipArchive.framework in Frameworks */ = {isa = PBXBuildFile; fileRef = C90D8165232C3D85002F48D2 /* ZipArchive.framework */; };
		C918BFEF244F385700FD09F2 /* jsc.swift in Sources */ = {isa = PBXBuildFile; fileRef = C918BFEE244F385700FD09F2 /* jsc.swift */; };
		C91A0B7521F3AFD30004238F /* openssl.framework in Frameworks */ = {isa = PBXBuildFile; fileRef = C9806CC7216049DD00F870B5 /* openssl.framework */; };
		C91A0B7621F3AFD30004238F /* openssl.framework in Embed Frameworks */ = {isa = PBXBuildFile; fileRef = C9806CC7216049DD00F870B5 /* openssl.framework */; settings = {ATTRIBUTES = (CodeSignOnCopy, RemoveHeadersOnCopy, ); }; };
		C941F2A7233802E400F89B8B /* ShareViewController.swift in Sources */ = {isa = PBXBuildFile; fileRef = C941F2A6233802E400F89B8B /* ShareViewController.swift */; };
		C941F2AA233802E400F89B8B /* MainInterface.storyboard in Resources */ = {isa = PBXBuildFile; fileRef = C941F2A8233802E400F89B8B /* MainInterface.storyboard */; };
		C941F2AE233802E400F89B8B /* Use in LibTerm.appex in Embed App Extensions */ = {isa = PBXBuildFile; fileRef = C941F2A4233802E400F89B8B /* Use in LibTerm.appex */; settings = {ATTRIBUTES = (RemoveHeadersOnCopy, ); }; };
		C9425A3421F3B46D00E7CC35 /* libssh2.framework in Frameworks */ = {isa = PBXBuildFile; fileRef = C9806CC9216049DD00F870B5 /* libssh2.framework */; };
		C9425A3521F3B46D00E7CC35 /* libssh2.framework in Embed Frameworks */ = {isa = PBXBuildFile; fileRef = C9806CC9216049DD00F870B5 /* libssh2.framework */; settings = {ATTRIBUTES = (CodeSignOnCopy, RemoveHeadersOnCopy, ); }; };
		C9425A4C21F3B72700E7CC35 /* libz.tbd in Frameworks */ = {isa = PBXBuildFile; fileRef = C9806CBA216048FC00F870B5 /* libz.tbd */; };
		C9425A5F21F3B73D00E7CC35 /* liblzma.tbd in Frameworks */ = {isa = PBXBuildFile; fileRef = C91FB77321DEA1E3001E987A /* liblzma.tbd */; };
		C946A5A322072EBC00F78C5C /* site-packages3 in Resources */ = {isa = PBXBuildFile; fileRef = C946A59D22072EBC00F78C5C /* site-packages3 */; };
		C965C4C622FFA33600CAA88B /* pbpaste+pbcopy.swift in Sources */ = {isa = PBXBuildFile; fileRef = C965C4C522FFA33600CAA88B /* pbpaste+pbcopy.swift */; };
		C965C4CE22FFA3B000CAA88B /* id.c in Sources */ = {isa = PBXBuildFile; fileRef = C965C4CD22FFA3B000CAA88B /* id.c */; };
		C965C4D82300742B00CAA88B /* SceneDelegate.swift in Sources */ = {isa = PBXBuildFile; fileRef = C965C4D72300742B00CAA88B /* SceneDelegate.swift */; };
		C972DD272366124300911098 /* ios_system.framework in Frameworks */ = {isa = PBXBuildFile; fileRef = C95BE11F21A379FA00FB135B /* ios_system.framework */; };
		C974D15D232C4EDD000A2F24 /* libLLVM.framework in Embed Frameworks */ = {isa = PBXBuildFile; fileRef = C974D15C232C4ED9000A2F24 /* libLLVM.framework */; settings = {ATTRIBUTES = (CodeSignOnCopy, RemoveHeadersOnCopy, ); }; };
		C975C422231AF9F800932444 /* clang.framework in Embed Frameworks */ = {isa = PBXBuildFile; fileRef = C975C420231AF9E500932444 /* clang.framework */; settings = {ATTRIBUTES = (CodeSignOnCopy, RemoveHeadersOnCopy, ); }; };
		C975C425231AF9F900932444 /* link.framework in Embed Frameworks */ = {isa = PBXBuildFile; fileRef = C975C41C231AF9DF00932444 /* link.framework */; settings = {ATTRIBUTES = (CodeSignOnCopy, RemoveHeadersOnCopy, ); }; };
		C975C426231AF9F900932444 /* lli.framework in Embed Frameworks */ = {isa = PBXBuildFile; fileRef = C975C41B231AF9DE00932444 /* lli.framework */; settings = {ATTRIBUTES = (CodeSignOnCopy, RemoveHeadersOnCopy, ); }; };
		C975C427231AF9F900932444 /* nm.framework in Embed Frameworks */ = {isa = PBXBuildFile; fileRef = C975C41E231AF9E200932444 /* nm.framework */; settings = {ATTRIBUTES = (CodeSignOnCopy, RemoveHeadersOnCopy, ); }; };
		C975C428231AF9F900932444 /* opt.framework in Embed Frameworks */ = {isa = PBXBuildFile; fileRef = C975C421231AF9E500932444 /* opt.framework */; settings = {ATTRIBUTES = (CodeSignOnCopy, RemoveHeadersOnCopy, ); }; };
		C97DE9A32348E89A0050560A /* IntentHandler.swift in Sources */ = {isa = PBXBuildFile; fileRef = C97DE9A22348E89A0050560A /* IntentHandler.swift */; };
		C97DE9A72348E89A0050560A /* LibTerm Intents.appex in Embed App Extensions */ = {isa = PBXBuildFile; fileRef = C97DE9A02348E89A0050560A /* LibTerm Intents.appex */; settings = {ATTRIBUTES = (RemoveHeadersOnCopy, ); }; };
		C97DE9B82348E8C20050560A /* Intents.intentdefinition in Sources */ = {isa = PBXBuildFile; fileRef = C97DE9B72348E8C20050560A /* Intents.intentdefinition */; };
		C97DE9B92348E8C60050560A /* Intents.intentdefinition in Sources */ = {isa = PBXBuildFile; fileRef = C97DE9B72348E8C20050560A /* Intents.intentdefinition */; };
		C97DE9BD2348E8E10050560A /* RunCommandIntentHandler.swift in Sources */ = {isa = PBXBuildFile; fileRef = C97DE9BB2348E8E10050560A /* RunCommandIntentHandler.swift */; };
		C97DE9C32348E9750050560A /* commandDictionary.plist in Resources */ = {isa = PBXBuildFile; fileRef = C9806D0A21610B5300F870B5 /* commandDictionary.plist */; };
		C97DE9C42348E9810050560A /* String.swift in Sources */ = {isa = PBXBuildFile; fileRef = C9806D0621604B2400F870B5 /* String.swift */; };
		C97DE9C52348EA200050560A /* cacert.pem in Resources */ = {isa = PBXBuildFile; fileRef = C95BE11421A3715D00FB135B /* cacert.pem */; };
		C98621CD231B6A2B003408B8 /* Python3_ios.framework in Embed Frameworks */ = {isa = PBXBuildFile; fileRef = C98621CB231B69A1003408B8 /* Python3_ios.framework */; settings = {ATTRIBUTES = (CodeSignOnCopy, RemoveHeadersOnCopy, ); }; };
		C98621CF231B6B6C003408B8 /* freetype.framework in Frameworks */ = {isa = PBXBuildFile; fileRef = C98621CE231B6B6B003408B8 /* freetype.framework */; };
		C98621D0231B6B99003408B8 /* freetype.framework in Embed Frameworks */ = {isa = PBXBuildFile; fileRef = C98621CE231B6B6B003408B8 /* freetype.framework */; settings = {ATTRIBUTES = (CodeSignOnCopy, RemoveHeadersOnCopy, ); }; };
		C98621D2231B6BD7003408B8 /* harfbuzz.framework in Frameworks */ = {isa = PBXBuildFile; fileRef = C98621D1231B6BD7003408B8 /* harfbuzz.framework */; };
		C98621D3231B6BDE003408B8 /* harfbuzz.framework in Embed Frameworks */ = {isa = PBXBuildFile; fileRef = C98621D1231B6BD7003408B8 /* harfbuzz.framework */; settings = {ATTRIBUTES = (CodeSignOnCopy, RemoveHeadersOnCopy, ); }; };
		C98621D5231B6C0C003408B8 /* openblas.framework in Frameworks */ = {isa = PBXBuildFile; fileRef = C98621D4231B6C0C003408B8 /* openblas.framework */; };
		C98621D6231B6C11003408B8 /* openblas.framework in Embed Frameworks */ = {isa = PBXBuildFile; fileRef = C98621D4231B6C0C003408B8 /* openblas.framework */; settings = {ATTRIBUTES = (CodeSignOnCopy, RemoveHeadersOnCopy, ); }; };
		C9862835231C5C0F003408B8 /* Foundation.framework in Frameworks */ = {isa = PBXBuildFile; fileRef = C98621E0231C49C8003408B8 /* Foundation.framework */; };
		C995060921F3A17B00C0D1BB /* ios_system.framework in Frameworks */ = {isa = PBXBuildFile; fileRef = C95BE11F21A379FA00FB135B /* ios_system.framework */; };
		C995060E21F3A17E00C0D1BB /* ObjectUserDefaults.framework in Frameworks */ = {isa = PBXBuildFile; fileRef = C9C552D8217672EA00F43B34 /* ObjectUserDefaults.framework */; };
		C995060F21F3A17E00C0D1BB /* ObjectUserDefaults.framework in Embed Frameworks */ = {isa = PBXBuildFile; fileRef = C9C552D8217672EA00F43B34 /* ObjectUserDefaults.framework */; settings = {ATTRIBUTES = (CodeSignOnCopy, RemoveHeadersOnCopy, ); }; };
		C995061221F3A18100C0D1BB /* TabView.framework in Frameworks */ = {isa = PBXBuildFile; fileRef = C9F0F02021654DBD00CAC2A0 /* TabView.framework */; };
		C995061321F3A18100C0D1BB /* TabView.framework in Embed Frameworks */ = {isa = PBXBuildFile; fileRef = C9F0F02021654DBD00CAC2A0 /* TabView.framework */; settings = {ATTRIBUTES = (CodeSignOnCopy, RemoveHeadersOnCopy, ); }; };
		C995061621F3A18400C0D1BB /* InputAssistant.framework in Frameworks */ = {isa = PBXBuildFile; fileRef = C9F0F00B216437BB00CAC2A0 /* InputAssistant.framework */; };
		C995061721F3A18400C0D1BB /* InputAssistant.framework in Embed Frameworks */ = {isa = PBXBuildFile; fileRef = C9F0F00B216437BB00CAC2A0 /* InputAssistant.framework */; settings = {ATTRIBUTES = (CodeSignOnCopy, RemoveHeadersOnCopy, ); }; };
		C995061A21F3A18B00C0D1BB /* Highlightr.framework in Frameworks */ = {isa = PBXBuildFile; fileRef = C9E30A5321C1955F00789346 /* Highlightr.framework */; };
		C995061B21F3A18B00C0D1BB /* Highlightr.framework in Embed Frameworks */ = {isa = PBXBuildFile; fileRef = C9E30A5321C1955F00789346 /* Highlightr.framework */; settings = {ATTRIBUTES = (CodeSignOnCopy, RemoveHeadersOnCopy, ); }; };
		C995062521F3A1BC00C0D1BB /* shell.framework in Embed Frameworks */ = {isa = PBXBuildFile; fileRef = C9806CC2216049DD00F870B5 /* shell.framework */; settings = {ATTRIBUTES = (CodeSignOnCopy, RemoveHeadersOnCopy, ); }; };
		C995062721F3A1C100C0D1BB /* network_ios.framework in Embed Frameworks */ = {isa = PBXBuildFile; fileRef = C9806CC3216049DD00F870B5 /* network_ios.framework */; settings = {ATTRIBUTES = (CodeSignOnCopy, RemoveHeadersOnCopy, ); }; };
		C995062921F3A1C600C0D1BB /* curl_ios.framework in Embed Frameworks */ = {isa = PBXBuildFile; fileRef = C9806CC5216049DD00F870B5 /* curl_ios.framework */; settings = {ATTRIBUTES = (CodeSignOnCopy, RemoveHeadersOnCopy, ); }; };
		C995062D21F3A1D600C0D1BB /* tar.framework in Embed Frameworks */ = {isa = PBXBuildFile; fileRef = C9806CCE216049DD00F870B5 /* tar.framework */; settings = {ATTRIBUTES = (CodeSignOnCopy, RemoveHeadersOnCopy, ); }; };
		C995062F21F3A1E100C0D1BB /* awk.framework in Embed Frameworks */ = {isa = PBXBuildFile; fileRef = C9806CCF216049DD00F870B5 /* awk.framework */; settings = {ATTRIBUTES = (CodeSignOnCopy, RemoveHeadersOnCopy, ); }; };
		C995063121F3A1E600C0D1BB /* files.framework in Embed Frameworks */ = {isa = PBXBuildFile; fileRef = C9806CD0216049DD00F870B5 /* files.framework */; settings = {ATTRIBUTES = (CodeSignOnCopy, RemoveHeadersOnCopy, ); }; };
		C995063321F3A1EE00C0D1BB /* ssh_cmd.framework in Embed Frameworks */ = {isa = PBXBuildFile; fileRef = C9806CD1216049DD00F870B5 /* ssh_cmd.framework */; settings = {ATTRIBUTES = (CodeSignOnCopy, RemoveHeadersOnCopy, ); }; };
		C995063521F3A1F400C0D1BB /* text.framework in Embed Frameworks */ = {isa = PBXBuildFile; fileRef = C9806CD2216049DD00F870B5 /* text.framework */; settings = {ATTRIBUTES = (CodeSignOnCopy, RemoveHeadersOnCopy, ); }; };
		C995063721F3A1FE00C0D1BB /* lua_ios.framework in Embed Frameworks */ = {isa = PBXBuildFile; fileRef = C9806CD3216049DD00F870B5 /* lua_ios.framework */; settings = {ATTRIBUTES = (CodeSignOnCopy, RemoveHeadersOnCopy, ); }; };
		C995063E21F3A23600C0D1BB /* AppDelegate.swift in Sources */ = {isa = PBXBuildFile; fileRef = C9806BC42160467E00F870B5 /* AppDelegate.swift */; };
		C995063F21F3A23600C0D1BB /* LibShell.swift in Sources */ = {isa = PBXBuildFile; fileRef = C9806D0221604A3900F870B5 /* LibShell.swift */; };
		C995064021F3A23600C0D1BB /* Commands.swift in Sources */ = {isa = PBXBuildFile; fileRef = C927793821696CC00091B038 /* Commands.swift */; };
		C995064121F3A23600C0D1BB /* ReviewHelper.swift in Sources */ = {isa = PBXBuildFile; fileRef = C983B66621976BA4009EBF4F /* ReviewHelper.swift */; };
		C995064221F3A23B00C0D1BB /* clear.swift in Sources */ = {isa = PBXBuildFile; fileRef = C91C345821612DBA0003BD90 /* clear.swift */; };
		C995064321F3A23B00C0D1BB /* credits.swift in Sources */ = {isa = PBXBuildFile; fileRef = C9E771D521C7EB9E00C56FEE /* credits.swift */; };
		C995064421F3A23B00C0D1BB /* help.swift in Sources */ = {isa = PBXBuildFile; fileRef = C91C345A21613A720003BD90 /* help.swift */; };
		C995064621F3A23B00C0D1BB /* exit.swift in Sources */ = {isa = PBXBuildFile; fileRef = C9CB2CDC216971EE004D9FFB /* exit.swift */; };
		C995064721F3A23B00C0D1BB /* open.swift in Sources */ = {isa = PBXBuildFile; fileRef = C91D4D08218FA304003F73FF /* open.swift */; };
		C995064821F3A23B00C0D1BB /* package.swift in Sources */ = {isa = PBXBuildFile; fileRef = C91D4D12218FBF90003F73FF /* package.swift */; };
		C995064921F3A23B00C0D1BB /* edit.swift in Sources */ = {isa = PBXBuildFile; fileRef = C9E30A4B21C187C900789346 /* edit.swift */; };
		C995064C21F3A24000C0D1BB /* TerminalViewController.swift in Sources */ = {isa = PBXBuildFile; fileRef = C9DE220B2162E12A007ED7A0 /* TerminalViewController.swift */; };
		C995064D21F3A24000C0D1BB /* TerminalTabViewController.swift in Sources */ = {isa = PBXBuildFile; fileRef = C9F0F02921654F2B00CAC2A0 /* TerminalTabViewController.swift */; };
		C995064E21F3A24000C0D1BB /* SettingsTableViewController.swift in Sources */ = {isa = PBXBuildFile; fileRef = C9C552D12176716C00F43B34 /* SettingsTableViewController.swift */; };
		C995064F21F3A24600C0D1BB /* String.swift in Sources */ = {isa = PBXBuildFile; fileRef = C9806D0621604B2400F870B5 /* String.swift */; };
		C995065021F3A24600C0D1BB /* Keys.swift in Sources */ = {isa = PBXBuildFile; fileRef = C9806D0E21611EA100F870B5 /* Keys.swift */; };
		C995065121F3A24600C0D1BB /* IO.swift in Sources */ = {isa = PBXBuildFile; fileRef = C9806D0421604AE700F870B5 /* IO.swift */; };
		C995065221F3A24600C0D1BB /* CommandHelp.swift in Sources */ = {isa = PBXBuildFile; fileRef = C927793221696C3F0091B038 /* CommandHelp.swift */; };
		C995065321F3A24600C0D1BB /* Parser.swift in Sources */ = {isa = PBXBuildFile; fileRef = C9DE222A2162E4E5007ED7A0 /* Parser.swift */; };
		C995065421F3A24600C0D1BB /* ANSITextState.swift in Sources */ = {isa = PBXBuildFile; fileRef = C9DE222C2162E621007ED7A0 /* ANSITextState.swift */; };
		C995065521F3A24600C0D1BB /* BuildDate.swift in Sources */ = {isa = PBXBuildFile; fileRef = C9AAAB322194E5600042E733 /* BuildDate.swift */; };
		C995065621F3A24600C0D1BB /* GithubFile.swift in Sources */ = {isa = PBXBuildFile; fileRef = C9E30A4521C16E1E00789346 /* GithubFile.swift */; };
		C995065921F3A24D00C0D1BB /* TerminalTextView.swift in Sources */ = {isa = PBXBuildFile; fileRef = C9F0F002216432B100CAC2A0 /* TerminalTextView.swift */; };
		C998F0A22348ED7900FA1F4C /* python27.zip in Resources */ = {isa = PBXBuildFile; fileRef = C95CEF0521C96BC7003BC599 /* python27.zip */; };
		C998F0A32348ED7B00FA1F4C /* python37.zip in Resources */ = {isa = PBXBuildFile; fileRef = C9477BCE21D50339000680AE /* python37.zip */; };
		C9CABCBD21F3A32A002DB86C /* libbz2.tbd in Frameworks */ = {isa = PBXBuildFile; fileRef = C95FA4AB21DEA24F0015C95C /* libbz2.tbd */; };
		C9CABCBF21F3A793002DB86C /* site-packages in Resources */ = {isa = PBXBuildFile; fileRef = C96CB9E221DD4241008C508C /* site-packages */; };
		C9CABCC021F3A793002DB86C /* credits in Resources */ = {isa = PBXBuildFile; fileRef = C9E771D321C7E80700C56FEE /* credits */; };
		C9CABCC121F3A793002DB86C /* langs.plist in Resources */ = {isa = PBXBuildFile; fileRef = C9E30A5D21C1983F00789346 /* langs.plist */; };
		C9CABCC221F3A793002DB86C /* cacert.pem in Resources */ = {isa = PBXBuildFile; fileRef = C95BE11421A3715D00FB135B /* cacert.pem */; };
		C9CABCC321F3A793002DB86C /* Terminal.storyboard in Resources */ = {isa = PBXBuildFile; fileRef = C9580E8B2165553500A43CEC /* Terminal.storyboard */; };
		C9CABCC421F3A793002DB86C /* Settings.storyboard in Resources */ = {isa = PBXBuildFile; fileRef = C9C552CF21766E8F00F43B34 /* Settings.storyboard */; };
		C9CABCC521F3A793002DB86C /* Assets.xcassets in Resources */ = {isa = PBXBuildFile; fileRef = C9806BCB2160468200F870B5 /* Assets.xcassets */; };
		C9CABCC621F3A793002DB86C /* LaunchScreen.storyboard in Resources */ = {isa = PBXBuildFile; fileRef = C9806BCD2160468200F870B5 /* LaunchScreen.storyboard */; };
		C9CABCC821F3A793002DB86C /* commandDictionary.plist in Resources */ = {isa = PBXBuildFile; fileRef = C9806D0A21610B5300F870B5 /* commandDictionary.plist */; };
		C9CABCC921F3A794002DB86C /* python37.zip in Resources */ = {isa = PBXBuildFile; fileRef = C9477BCE21D50339000680AE /* python37.zip */; };
		C9CABCCA21F3A794002DB86C /* python27.zip in Resources */ = {isa = PBXBuildFile; fileRef = C95CEF0521C96BC7003BC599 /* python27.zip */; };
		C9CABCCC21F3A8A8002DB86C /* ios_system.framework in Embed Frameworks */ = {isa = PBXBuildFile; fileRef = C95BE11F21A379FA00FB135B /* ios_system.framework */; settings = {ATTRIBUTES = (CodeSignOnCopy, RemoveHeadersOnCopy, ); }; };
		C9CABCDB21F3ACA6002DB86C /* bc_ios.framework in Frameworks */ = {isa = PBXBuildFile; fileRef = C9CABCDA21F3AC9A002DB86C /* bc_ios.framework */; };
		C9CABCDC21F3ACA6002DB86C /* bc_ios.framework in Embed Frameworks */ = {isa = PBXBuildFile; fileRef = C9CABCDA21F3AC9A002DB86C /* bc_ios.framework */; settings = {ATTRIBUTES = (CodeSignOnCopy, RemoveHeadersOnCopy, ); }; };
		C9E068F4226257C700A1DE86 /* Python_ios.framework in Embed Frameworks */ = {isa = PBXBuildFile; fileRef = C9E068F1226257AB00A1DE86 /* Python_ios.framework */; settings = {ATTRIBUTES = (CodeSignOnCopy, RemoveHeadersOnCopy, ); }; };
/* End PBXBuildFile section */

/* Begin PBXContainerItemProxy section */
		C90D8164232C3D85002F48D2 /* PBXContainerItemProxy */ = {
			isa = PBXContainerItemProxy;
			containerPortal = C90D8158232C3D85002F48D2 /* ZipArchive.xcodeproj */;
			proxyType = 2;
			remoteGlobalIDString = B423AE1A1C0DF76A0004A2F1;
			remoteInfo = "ZipArchive-iOS";
		};
		C90D8166232C3D85002F48D2 /* PBXContainerItemProxy */ = {
			isa = PBXContainerItemProxy;
			containerPortal = C90D8158232C3D85002F48D2 /* ZipArchive.xcodeproj */;
			proxyType = 2;
			remoteGlobalIDString = AFF75A241C37279600F450AC;
			remoteInfo = "ZipArchive-Mac";
		};
		C90D8168232C3D85002F48D2 /* PBXContainerItemProxy */ = {
			isa = PBXContainerItemProxy;
			containerPortal = C90D8158232C3D85002F48D2 /* ZipArchive.xcodeproj */;
			proxyType = 2;
			remoteGlobalIDString = 37952C261F63B50D00DD6677;
			remoteInfo = "ZipArchive-tvos";
		};
		C90D816A232C3D85002F48D2 /* PBXContainerItemProxy */ = {
			isa = PBXContainerItemProxy;
			containerPortal = C90D8158232C3D85002F48D2 /* ZipArchive.xcodeproj */;
			proxyType = 2;
			remoteGlobalIDString = 37952C5E1F63BB7100DD6677;
			remoteInfo = "ZipArchive-watchos";
		};
		C90D816E232C3E90002F48D2 /* PBXContainerItemProxy */ = {
			isa = PBXContainerItemProxy;
			containerPortal = C90D8158232C3D85002F48D2 /* ZipArchive.xcodeproj */;
			proxyType = 1;
			remoteGlobalIDString = B423AE191C0DF76A0004A2F1;
			remoteInfo = "ZipArchive-iOS";
		};
		C941F2AC233802E400F89B8B /* PBXContainerItemProxy */ = {
			isa = PBXContainerItemProxy;
			containerPortal = C9806BB92160467E00F870B5 /* Project object */;
			proxyType = 1;
			remoteGlobalIDString = C941F2A3233802E400F89B8B;
			remoteInfo = "Use in LibTerm";
		};
		C95BE11E21A379FA00FB135B /* PBXContainerItemProxy */ = {
			isa = PBXContainerItemProxy;
			containerPortal = C95BE11A21A379F900FB135B /* ios_system.xcodeproj */;
			proxyType = 2;
			remoteGlobalIDString = 223496AB1FD5FC71007ED1A9;
			remoteInfo = ios_system;
		};
		C97DE9A52348E89A0050560A /* PBXContainerItemProxy */ = {
			isa = PBXContainerItemProxy;
			containerPortal = C9806BB92160467E00F870B5 /* Project object */;
			proxyType = 1;
			remoteGlobalIDString = C97DE99F2348E89A0050560A;
			remoteInfo = "LibTerm Intents";
		};
		C995060B21F3A17B00C0D1BB /* PBXContainerItemProxy */ = {
			isa = PBXContainerItemProxy;
			containerPortal = C95BE11A21A379F900FB135B /* ios_system.xcodeproj */;
			proxyType = 1;
			remoteGlobalIDString = 223496AA1FD5FC71007ED1A9;
			remoteInfo = ios_system;
		};
		C995061021F3A17E00C0D1BB /* PBXContainerItemProxy */ = {
			isa = PBXContainerItemProxy;
			containerPortal = C9C552D3217672EA00F43B34 /* ObjectUserDefaults.xcodeproj */;
			proxyType = 1;
			remoteGlobalIDString = C9C11A7B214075F3005EB9C2;
			remoteInfo = ObjectUserDefaults;
		};
		C995061421F3A18100C0D1BB /* PBXContainerItemProxy */ = {
			isa = PBXContainerItemProxy;
			containerPortal = C9F0F01721654DBD00CAC2A0 /* TabView.xcodeproj */;
			proxyType = 1;
			remoteGlobalIDString = 3C17680820257F630031FEA9;
			remoteInfo = TabView;
		};
		C995061821F3A18500C0D1BB /* PBXContainerItemProxy */ = {
			isa = PBXContainerItemProxy;
			containerPortal = C9F0F004216437BB00CAC2A0 /* InputAssistant.xcodeproj */;
			proxyType = 1;
			remoteGlobalIDString = 3C2E4346201E7E6C00E4254A;
			remoteInfo = InputAssistant;
		};
		C995061C21F3A18B00C0D1BB /* PBXContainerItemProxy */ = {
			isa = PBXContainerItemProxy;
			containerPortal = C9E30A4D21C1955F00789346 /* Highlightr.xcodeproj */;
			proxyType = 1;
			remoteGlobalIDString = 8C2FB1C11F39118F00469D0D;
			remoteInfo = "Highlightr-iOS";
		};
		C9C552D7217672EA00F43B34 /* PBXContainerItemProxy */ = {
			isa = PBXContainerItemProxy;
			containerPortal = C9C552D3217672EA00F43B34 /* ObjectUserDefaults.xcodeproj */;
			proxyType = 2;
			remoteGlobalIDString = C9C11A7C214075F3005EB9C2;
			remoteInfo = ObjectUserDefaults;
		};
		C9CABCD921F3AC9A002DB86C /* PBXContainerItemProxy */ = {
			isa = PBXContainerItemProxy;
			containerPortal = C9CABCD521F3AC9A002DB86C /* bc_ios.xcodeproj */;
			proxyType = 2;
			remoteGlobalIDString = 228ED8B8218F23FD0066CC1E;
			remoteInfo = bc_ios;
		};
		C9CABCDD21F3ACA6002DB86C /* PBXContainerItemProxy */ = {
			isa = PBXContainerItemProxy;
			containerPortal = C9CABCD521F3AC9A002DB86C /* bc_ios.xcodeproj */;
			proxyType = 1;
			remoteGlobalIDString = 228ED8B7218F23FD0066CC1E;
			remoteInfo = bc_ios;
		};
		C9E30A5221C1955F00789346 /* PBXContainerItemProxy */ = {
			isa = PBXContainerItemProxy;
			containerPortal = C9E30A4D21C1955F00789346 /* Highlightr.xcodeproj */;
			proxyType = 2;
			remoteGlobalIDString = 8C2FB1C21F39118F00469D0D;
			remoteInfo = "Highlightr-iOS";
		};
		C9E30A5421C1955F00789346 /* PBXContainerItemProxy */ = {
			isa = PBXContainerItemProxy;
			containerPortal = C9E30A4D21C1955F00789346 /* Highlightr.xcodeproj */;
			proxyType = 2;
			remoteGlobalIDString = 8CD1AE161F391713000FDA02;
			remoteInfo = "Highlightr-macOS";
		};
		C9F0F00A216437BB00CAC2A0 /* PBXContainerItemProxy */ = {
			isa = PBXContainerItemProxy;
			containerPortal = C9F0F004216437BB00CAC2A0 /* InputAssistant.xcodeproj */;
			proxyType = 2;
			remoteGlobalIDString = 3C2E4347201E7E6C00E4254A;
			remoteInfo = InputAssistant;
		};
		C9F0F00C216437BB00CAC2A0 /* PBXContainerItemProxy */ = {
			isa = PBXContainerItemProxy;
			containerPortal = C9F0F004216437BB00CAC2A0 /* InputAssistant.xcodeproj */;
			proxyType = 2;
			remoteGlobalIDString = 3C2E4379201EFACD00E4254A;
			remoteInfo = libInputAssistant;
		};
		C9F0F00E216437BB00CAC2A0 /* PBXContainerItemProxy */ = {
			isa = PBXContainerItemProxy;
			containerPortal = C9F0F004216437BB00CAC2A0 /* InputAssistant.xcodeproj */;
			proxyType = 2;
			remoteGlobalIDString = 3C2E435B201E883E00E4254A;
			remoteInfo = "InputAssistant Sample";
		};
		C9F0F01F21654DBD00CAC2A0 /* PBXContainerItemProxy */ = {
			isa = PBXContainerItemProxy;
			containerPortal = C9F0F01721654DBD00CAC2A0 /* TabView.xcodeproj */;
			proxyType = 2;
			remoteGlobalIDString = 3C17680920257F630031FEA9;
			remoteInfo = TabView;
		};
		C9F0F02121654DBD00CAC2A0 /* PBXContainerItemProxy */ = {
			isa = PBXContainerItemProxy;
			containerPortal = C9F0F01721654DBD00CAC2A0 /* TabView.xcodeproj */;
			proxyType = 2;
			remoteGlobalIDString = 3C905FB12025BEAF0084BA63;
			remoteInfo = libTabView;
		};
		C9F0F02321654DBD00CAC2A0 /* PBXContainerItemProxy */ = {
			isa = PBXContainerItemProxy;
			containerPortal = C9F0F01721654DBD00CAC2A0 /* TabView.xcodeproj */;
			proxyType = 2;
			remoteGlobalIDString = 3C17681920257F910031FEA9;
			remoteInfo = "TabView Sample";
		};
/* End PBXContainerItemProxy section */

/* Begin PBXCopyFilesBuildPhase section */
		C941F2AF233802E400F89B8B /* Embed App Extensions */ = {
			isa = PBXCopyFilesBuildPhase;
			buildActionMask = 2147483647;
			dstPath = "";
			dstSubfolderSpec = 13;
			files = (
				C941F2AE233802E400F89B8B /* Use in LibTerm.appex in Embed App Extensions */,
				C97DE9A72348E89A0050560A /* LibTerm Intents.appex in Embed App Extensions */,
			);
			name = "Embed App Extensions";
			runOnlyForDeploymentPostprocessing = 0;
		};
		C995060D21F3A17C00C0D1BB /* Embed Frameworks */ = {
			isa = PBXCopyFilesBuildPhase;
			buildActionMask = 12;
			dstPath = "";
			dstSubfolderSpec = 10;
			files = (
				C974D15D232C4EDD000A2F24 /* libLLVM.framework in Embed Frameworks */,
				C98621D6231B6C11003408B8 /* openblas.framework in Embed Frameworks */,
				C98621D3231B6BDE003408B8 /* harfbuzz.framework in Embed Frameworks */,
				C98621D0231B6B99003408B8 /* freetype.framework in Embed Frameworks */,
				C98621CD231B6A2B003408B8 /* Python3_ios.framework in Embed Frameworks */,
				C975C422231AF9F800932444 /* clang.framework in Embed Frameworks */,
				C975C425231AF9F900932444 /* link.framework in Embed Frameworks */,
				C975C426231AF9F900932444 /* lli.framework in Embed Frameworks */,
				C975C427231AF9F900932444 /* nm.framework in Embed Frameworks */,
				C975C428231AF9F900932444 /* opt.framework in Embed Frameworks */,
				C9CABCCC21F3A8A8002DB86C /* ios_system.framework in Embed Frameworks */,
				C995062F21F3A1E100C0D1BB /* awk.framework in Embed Frameworks */,
				C995062721F3A1C100C0D1BB /* network_ios.framework in Embed Frameworks */,
				C91A0B7621F3AFD30004238F /* openssl.framework in Embed Frameworks */,
				C9E068F4226257C700A1DE86 /* Python_ios.framework in Embed Frameworks */,
				C9425A3521F3B46D00E7CC35 /* libssh2.framework in Embed Frameworks */,
				C995063321F3A1EE00C0D1BB /* ssh_cmd.framework in Embed Frameworks */,
				C9CABCDC21F3ACA6002DB86C /* bc_ios.framework in Embed Frameworks */,
				C995060F21F3A17E00C0D1BB /* ObjectUserDefaults.framework in Embed Frameworks */,
				C995061321F3A18100C0D1BB /* TabView.framework in Embed Frameworks */,
				C995063121F3A1E600C0D1BB /* files.framework in Embed Frameworks */,
				C995062521F3A1BC00C0D1BB /* shell.framework in Embed Frameworks */,
				C995061B21F3A18B00C0D1BB /* Highlightr.framework in Embed Frameworks */,
				C995062D21F3A1D600C0D1BB /* tar.framework in Embed Frameworks */,
				C995063721F3A1FE00C0D1BB /* lua_ios.framework in Embed Frameworks */,
				C995061721F3A18400C0D1BB /* InputAssistant.framework in Embed Frameworks */,
				C995062921F3A1C600C0D1BB /* curl_ios.framework in Embed Frameworks */,
				C995063521F3A1F400C0D1BB /* text.framework in Embed Frameworks */,
				C90D8170232C3EB5002F48D2 /* ZipArchive.framework in Embed Frameworks */,
			);
			name = "Embed Frameworks";
			runOnlyForDeploymentPostprocessing = 0;
		};
/* End PBXCopyFilesBuildPhase section */

/* Begin PBXFileReference section */
		C90ADD592324347F001F0E69 /* screenshot.swift */ = {isa = PBXFileReference; lastKnownFileType = sourcecode.swift; path = screenshot.swift; sourceTree = "<group>"; };
		C90D8158232C3D85002F48D2 /* ZipArchive.xcodeproj */ = {isa = PBXFileReference; lastKnownFileType = "wrapper.pb-project"; name = ZipArchive.xcodeproj; path = ZipArchive/ZipArchive.xcodeproj; sourceTree = "<group>"; };
		C90D816C232C3E7C002F48D2 /* usr.zip */ = {isa = PBXFileReference; lastKnownFileType = archive.zip; path = usr.zip; sourceTree = "<group>"; };
		C918BFEE244F385700FD09F2 /* jsc.swift */ = {isa = PBXFileReference; fileEncoding = 4; lastKnownFileType = sourcecode.swift; path = jsc.swift; sourceTree = "<group>"; };
		C91C345821612DBA0003BD90 /* clear.swift */ = {isa = PBXFileReference; lastKnownFileType = sourcecode.swift; path = clear.swift; sourceTree = "<group>"; };
		C91C345A21613A720003BD90 /* help.swift */ = {isa = PBXFileReference; lastKnownFileType = sourcecode.swift; path = help.swift; sourceTree = "<group>"; };
		C91D4D08218FA304003F73FF /* open.swift */ = {isa = PBXFileReference; lastKnownFileType = sourcecode.swift; path = open.swift; sourceTree = "<group>"; };
		C91D4D12218FBF90003F73FF /* package.swift */ = {isa = PBXFileReference; lastKnownFileType = sourcecode.swift; path = package.swift; sourceTree = "<group>"; };
		C91FB77321DEA1E3001E987A /* liblzma.tbd */ = {isa = PBXFileReference; lastKnownFileType = "sourcecode.text-based-dylib-definition"; name = liblzma.tbd; path = usr/lib/liblzma.tbd; sourceTree = SDKROOT; };
		C927793221696C3F0091B038 /* CommandHelp.swift */ = {isa = PBXFileReference; lastKnownFileType = sourcecode.swift; path = CommandHelp.swift; sourceTree = "<group>"; };
		C927793821696CC00091B038 /* Commands.swift */ = {isa = PBXFileReference; lastKnownFileType = sourcecode.swift; path = Commands.swift; sourceTree = "<group>"; };
		C9295456232977F800D1BB81 /* libarchive.tbd */ = {isa = PBXFileReference; lastKnownFileType = "sourcecode.text-based-dylib-definition"; name = libarchive.tbd; path = usr/lib/libarchive.tbd; sourceTree = SDKROOT; };
		C941F2A4233802E400F89B8B /* Use in LibTerm.appex */ = {isa = PBXFileReference; explicitFileType = "wrapper.app-extension"; includeInIndex = 0; path = "Use in LibTerm.appex"; sourceTree = BUILT_PRODUCTS_DIR; };
		C941F2A6233802E400F89B8B /* ShareViewController.swift */ = {isa = PBXFileReference; lastKnownFileType = sourcecode.swift; path = ShareViewController.swift; sourceTree = "<group>"; };
		C941F2A9233802E400F89B8B /* Base */ = {isa = PBXFileReference; lastKnownFileType = file.storyboard; name = Base; path = Base.lproj/MainInterface.storyboard; sourceTree = "<group>"; };
		C941F2AB233802E400F89B8B /* Info.plist */ = {isa = PBXFileReference; lastKnownFileType = text.plist.xml; path = Info.plist; sourceTree = "<group>"; };
		C941F2BB2338048900F89B8B /* Use in LibTerm.entitlements */ = {isa = PBXFileReference; lastKnownFileType = text.plist.entitlements; path = "Use in LibTerm.entitlements"; sourceTree = "<group>"; };
		C946A59D22072EBC00F78C5C /* site-packages3 */ = {isa = PBXFileReference; lastKnownFileType = folder; path = "site-packages3"; sourceTree = "<group>"; };
		C9477BCE21D50339000680AE /* python37.zip */ = {isa = PBXFileReference; lastKnownFileType = archive.zip; path = python37.zip; sourceTree = "<group>"; };
		C9580E8B2165553500A43CEC /* Terminal.storyboard */ = {isa = PBXFileReference; lastKnownFileType = file.storyboard; path = Terminal.storyboard; sourceTree = "<group>"; };
		C95BE11421A3715D00FB135B /* cacert.pem */ = {isa = PBXFileReference; fileEncoding = 4; lastKnownFileType = text; path = cacert.pem; sourceTree = "<group>"; };
		C95BE11A21A379F900FB135B /* ios_system.xcodeproj */ = {isa = PBXFileReference; lastKnownFileType = "wrapper.pb-project"; name = ios_system.xcodeproj; path = ios_system_core/ios_system.xcodeproj; sourceTree = "<group>"; };
		C95CEF0521C96BC7003BC599 /* python27.zip */ = {isa = PBXFileReference; lastKnownFileType = archive.zip; path = python27.zip; sourceTree = "<group>"; };
		C95FA4AB21DEA24F0015C95C /* libbz2.tbd */ = {isa = PBXFileReference; lastKnownFileType = "sourcecode.text-based-dylib-definition"; name = libbz2.tbd; path = usr/lib/libbz2.tbd; sourceTree = SDKROOT; };
		C965C4C522FFA33600CAA88B /* pbpaste+pbcopy.swift */ = {isa = PBXFileReference; fileEncoding = 4; lastKnownFileType = sourcecode.swift; path = "pbpaste+pbcopy.swift"; sourceTree = "<group>"; };
		C965C4CD22FFA3B000CAA88B /* id.c */ = {isa = PBXFileReference; fileEncoding = 4; lastKnownFileType = sourcecode.c.c; path = id.c; sourceTree = "<group>"; };
		C965C4D72300742B00CAA88B /* SceneDelegate.swift */ = {isa = PBXFileReference; fileEncoding = 4; lastKnownFileType = sourcecode.swift; path = SceneDelegate.swift; sourceTree = "<group>"; };
		C96CB9E221DD4241008C508C /* site-packages */ = {isa = PBXFileReference; lastKnownFileType = folder; path = "site-packages"; sourceTree = "<group>"; };
		C96CB9F521DD48C5008C508C /* libbzip2.a */ = {isa = PBXFileReference; lastKnownFileType = archive.ar; name = libbzip2.a; path = BZip2/libbzip2.a; sourceTree = "<group>"; };
		C96CB9F721DD48C8008C508C /* libxz.a */ = {isa = PBXFileReference; lastKnownFileType = archive.ar; name = libxz.a; path = XZ/libxz.a; sourceTree = "<group>"; };
		C96CB9F921DD48CD008C508C /* libOpenSSL.a */ = {isa = PBXFileReference; lastKnownFileType = archive.ar; name = libOpenSSL.a; path = OpenSSL/libOpenSSL.a; sourceTree = "<group>"; };
		C974D15C232C4ED9000A2F24 /* libLLVM.framework */ = {isa = PBXFileReference; lastKnownFileType = wrapper.framework; path = libLLVM.framework; sourceTree = "<group>"; };
		C975C41B231AF9DE00932444 /* lli.framework */ = {isa = PBXFileReference; lastKnownFileType = wrapper.framework; path = lli.framework; sourceTree = "<group>"; };
		C975C41C231AF9DF00932444 /* link.framework */ = {isa = PBXFileReference; lastKnownFileType = wrapper.framework; path = link.framework; sourceTree = "<group>"; };
		C975C41E231AF9E200932444 /* nm.framework */ = {isa = PBXFileReference; lastKnownFileType = wrapper.framework; path = nm.framework; sourceTree = "<group>"; };
		C975C41F231AF9E200932444 /* dis.framework */ = {isa = PBXFileReference; lastKnownFileType = wrapper.framework; path = dis.framework; sourceTree = "<group>"; };
		C975C420231AF9E500932444 /* clang.framework */ = {isa = PBXFileReference; lastKnownFileType = wrapper.framework; path = clang.framework; sourceTree = "<group>"; };
		C975C421231AF9E500932444 /* opt.framework */ = {isa = PBXFileReference; lastKnownFileType = wrapper.framework; path = opt.framework; sourceTree = "<group>"; };
		C9777591232848980028FCAE /* libLLVM.tbd */ = {isa = PBXFileReference; lastKnownFileType = "sourcecode.text-based-dylib-definition"; name = libLLVM.tbd; path = usr/lib/libLLVM.tbd; sourceTree = SDKROOT; };
		C97DE9A02348E89A0050560A /* LibTerm Intents.appex */ = {isa = PBXFileReference; explicitFileType = "wrapper.app-extension"; includeInIndex = 0; path = "LibTerm Intents.appex"; sourceTree = BUILT_PRODUCTS_DIR; };
		C97DE9A22348E89A0050560A /* IntentHandler.swift */ = {isa = PBXFileReference; lastKnownFileType = sourcecode.swift; path = IntentHandler.swift; sourceTree = "<group>"; };
		C97DE9A42348E89A0050560A /* Info.plist */ = {isa = PBXFileReference; lastKnownFileType = text.plist.xml; path = Info.plist; sourceTree = "<group>"; };
		C97DE9B72348E8C20050560A /* Intents.intentdefinition */ = {isa = PBXFileReference; fileEncoding = 4; lastKnownFileType = file.intentdefinition; path = Intents.intentdefinition; sourceTree = "<group>"; };
		C97DE9BB2348E8E10050560A /* RunCommandIntentHandler.swift */ = {isa = PBXFileReference; fileEncoding = 4; lastKnownFileType = sourcecode.swift; path = RunCommandIntentHandler.swift; sourceTree = "<group>"; };
		C9806BC42160467E00F870B5 /* AppDelegate.swift */ = {isa = PBXFileReference; lastKnownFileType = sourcecode.swift; path = AppDelegate.swift; sourceTree = "<group>"; };
		C9806BCB2160468200F870B5 /* Assets.xcassets */ = {isa = PBXFileReference; lastKnownFileType = folder.assetcatalog; path = Assets.xcassets; sourceTree = "<group>"; };
		C9806BCE2160468200F870B5 /* Base */ = {isa = PBXFileReference; lastKnownFileType = file.storyboard; name = Base; path = Base.lproj/LaunchScreen.storyboard; sourceTree = "<group>"; };
		C9806BD02160468200F870B5 /* Info.plist */ = {isa = PBXFileReference; lastKnownFileType = text.plist.xml; path = Info.plist; sourceTree = "<group>"; };
		C9806CBA216048FC00F870B5 /* libz.tbd */ = {isa = PBXFileReference; lastKnownFileType = "sourcecode.text-based-dylib-definition"; name = libz.tbd; path = usr/lib/libz.tbd; sourceTree = SDKROOT; };
		C9806CBC2160492000F870B5 /* libsqlite3.tbd */ = {isa = PBXFileReference; lastKnownFileType = "sourcecode.text-based-dylib-definition"; name = libsqlite3.tbd; path = usr/lib/libsqlite3.tbd; sourceTree = SDKROOT; };
		C9806CC1216049DD00F870B5 /* libtexlua52.5.dylib */ = {isa = PBXFileReference; lastKnownFileType = "compiled.mach-o.dylib"; path = libtexlua52.5.dylib; sourceTree = "<group>"; };
		C9806CC2216049DD00F870B5 /* shell.framework */ = {isa = PBXFileReference; lastKnownFileType = wrapper.framework; path = shell.framework; sourceTree = "<group>"; };
		C9806CC3216049DD00F870B5 /* network_ios.framework */ = {isa = PBXFileReference; lastKnownFileType = wrapper.framework; path = network_ios.framework; sourceTree = "<group>"; };
		C9806CC4216049DD00F870B5 /* libkpathsea.6.dylib */ = {isa = PBXFileReference; lastKnownFileType = "compiled.mach-o.dylib"; path = libkpathsea.6.dylib; sourceTree = "<group>"; };
		C9806CC5216049DD00F870B5 /* curl_ios.framework */ = {isa = PBXFileReference; lastKnownFileType = wrapper.framework; path = curl_ios.framework; sourceTree = "<group>"; };
		C9806CC6216049DD00F870B5 /* libluatex.dylib */ = {isa = PBXFileReference; lastKnownFileType = "compiled.mach-o.dylib"; path = libluatex.dylib; sourceTree = "<group>"; };
		C9806CC7216049DD00F870B5 /* openssl.framework */ = {isa = PBXFileReference; lastKnownFileType = wrapper.framework; path = openssl.framework; sourceTree = "<group>"; };
		C9806CC8216049DD00F870B5 /* Python_ios.framework */ = {isa = PBXFileReference; lastKnownFileType = wrapper.framework; path = Python_ios.framework; sourceTree = "<group>"; };
		C9806CC9216049DD00F870B5 /* libssh2.framework */ = {isa = PBXFileReference; lastKnownFileType = wrapper.framework; path = libssh2.framework; sourceTree = "<group>"; };
		C9806CCA216049DD00F870B5 /* libctags.dylib */ = {isa = PBXFileReference; lastKnownFileType = "compiled.mach-o.dylib"; path = libctags.dylib; sourceTree = "<group>"; };
		C9806CCB216049DD00F870B5 /* ios_system.framework */ = {isa = PBXFileReference; lastKnownFileType = wrapper.framework; path = ios_system.framework; sourceTree = "<group>"; };
		C9806CCC216049DD00F870B5 /* libpdftex.dylib */ = {isa = PBXFileReference; lastKnownFileType = "compiled.mach-o.dylib"; path = libpdftex.dylib; sourceTree = "<group>"; };
		C9806CCD216049DD00F870B5 /* libbibtex.dylib */ = {isa = PBXFileReference; lastKnownFileType = "compiled.mach-o.dylib"; path = libbibtex.dylib; sourceTree = "<group>"; };
		C9806CCE216049DD00F870B5 /* tar.framework */ = {isa = PBXFileReference; lastKnownFileType = wrapper.framework; path = tar.framework; sourceTree = "<group>"; };
		C9806CCF216049DD00F870B5 /* awk.framework */ = {isa = PBXFileReference; lastKnownFileType = wrapper.framework; path = awk.framework; sourceTree = "<group>"; };
		C9806CD0216049DD00F870B5 /* files.framework */ = {isa = PBXFileReference; lastKnownFileType = wrapper.framework; path = files.framework; sourceTree = "<group>"; };
		C9806CD1216049DD00F870B5 /* ssh_cmd.framework */ = {isa = PBXFileReference; lastKnownFileType = wrapper.framework; path = ssh_cmd.framework; sourceTree = "<group>"; };
		C9806CD2216049DD00F870B5 /* text.framework */ = {isa = PBXFileReference; lastKnownFileType = wrapper.framework; path = text.framework; sourceTree = "<group>"; };
		C9806CD3216049DD00F870B5 /* lua_ios.framework */ = {isa = PBXFileReference; lastKnownFileType = wrapper.framework; path = lua_ios.framework; sourceTree = "<group>"; };
		C9806D0221604A3900F870B5 /* LibShell.swift */ = {isa = PBXFileReference; lastKnownFileType = sourcecode.swift; path = LibShell.swift; sourceTree = "<group>"; };
		C9806D0421604AE700F870B5 /* IO.swift */ = {isa = PBXFileReference; lastKnownFileType = sourcecode.swift; path = IO.swift; sourceTree = "<group>"; };
		C9806D0621604B2400F870B5 /* String.swift */ = {isa = PBXFileReference; fileEncoding = 4; lastKnownFileType = sourcecode.swift; path = String.swift; sourceTree = "<group>"; };
		C9806D0A21610B5300F870B5 /* commandDictionary.plist */ = {isa = PBXFileReference; fileEncoding = 4; lastKnownFileType = text.plist.xml; path = commandDictionary.plist; sourceTree = "<group>"; };
		C9806D0E21611EA100F870B5 /* Keys.swift */ = {isa = PBXFileReference; fileEncoding = 4; lastKnownFileType = sourcecode.swift; path = Keys.swift; sourceTree = "<group>"; };
		C983B66621976BA4009EBF4F /* ReviewHelper.swift */ = {isa = PBXFileReference; fileEncoding = 4; lastKnownFileType = sourcecode.swift; path = ReviewHelper.swift; sourceTree = "<group>"; };
		C98621CB231B69A1003408B8 /* Python3_ios.framework */ = {isa = PBXFileReference; lastKnownFileType = wrapper.framework; path = Python3_ios.framework; sourceTree = "<group>"; };
		C98621CE231B6B6B003408B8 /* freetype.framework */ = {isa = PBXFileReference; lastKnownFileType = wrapper.framework; path = freetype.framework; sourceTree = "<group>"; };
		C98621D1231B6BD7003408B8 /* harfbuzz.framework */ = {isa = PBXFileReference; lastKnownFileType = wrapper.framework; path = harfbuzz.framework; sourceTree = "<group>"; };
		C98621D4231B6C0C003408B8 /* openblas.framework */ = {isa = PBXFileReference; lastKnownFileType = wrapper.framework; path = openblas.framework; sourceTree = "<group>"; };
		C98621DA231C2107003408B8 /* libc++.tbd */ = {isa = PBXFileReference; lastKnownFileType = "sourcecode.text-based-dylib-definition"; name = "libc++.tbd"; path = "usr/lib/libc++.tbd"; sourceTree = SDKROOT; };
		C98621DE231C25F3003408B8 /* libc++abi.tbd */ = {isa = PBXFileReference; lastKnownFileType = "sourcecode.text-based-dylib-definition"; name = "libc++abi.tbd"; path = "usr/lib/libc++abi.tbd"; sourceTree = SDKROOT; };
		C98621E0231C49C8003408B8 /* Foundation.framework */ = {isa = PBXFileReference; lastKnownFileType = wrapper.framework; name = Foundation.framework; path = System/Library/Frameworks/Foundation.framework; sourceTree = SDKROOT; };
		C99505F721F3A12200C0D1BB /* LibTerm.app */ = {isa = PBXFileReference; explicitFileType = wrapper.application; includeInIndex = 0; path = LibTerm.app; sourceTree = BUILT_PRODUCTS_DIR; };
		C998F0A523494CDF00FA1F4C /* LibTerm Intents.entitlements */ = {isa = PBXFileReference; lastKnownFileType = text.plist.entitlements; path = "LibTerm Intents.entitlements"; sourceTree = "<group>"; };
		C9AAAB322194E5600042E733 /* BuildDate.swift */ = {isa = PBXFileReference; lastKnownFileType = sourcecode.swift; path = BuildDate.swift; sourceTree = "<group>"; };
		C9C552CF21766E8F00F43B34 /* Settings.storyboard */ = {isa = PBXFileReference; lastKnownFileType = file.storyboard; path = Settings.storyboard; sourceTree = "<group>"; };
		C9C552D12176716C00F43B34 /* SettingsTableViewController.swift */ = {isa = PBXFileReference; lastKnownFileType = sourcecode.swift; path = SettingsTableViewController.swift; sourceTree = "<group>"; };
		C9C552D3217672EA00F43B34 /* ObjectUserDefaults.xcodeproj */ = {isa = PBXFileReference; lastKnownFileType = "wrapper.pb-project"; name = ObjectUserDefaults.xcodeproj; path = ObjectUserDefaults/ObjectUserDefaults.xcodeproj; sourceTree = "<group>"; };
		C9CABCD521F3AC9A002DB86C /* bc_ios.xcodeproj */ = {isa = PBXFileReference; lastKnownFileType = "wrapper.pb-project"; name = bc_ios.xcodeproj; path = bc/bc_ios/bc_ios.xcodeproj; sourceTree = "<group>"; };
		C9CABCDF21F3AE45002DB86C /* libboringssl.tbd */ = {isa = PBXFileReference; lastKnownFileType = "sourcecode.text-based-dylib-definition"; name = libboringssl.tbd; path = usr/lib/libboringssl.tbd; sourceTree = SDKROOT; };
		C9CB2CDC216971EE004D9FFB /* exit.swift */ = {isa = PBXFileReference; lastKnownFileType = sourcecode.swift; path = exit.swift; sourceTree = "<group>"; };
		C9DE220B2162E12A007ED7A0 /* TerminalViewController.swift */ = {isa = PBXFileReference; fileEncoding = 4; lastKnownFileType = sourcecode.swift; path = TerminalViewController.swift; sourceTree = "<group>"; };
		C9DE222A2162E4E5007ED7A0 /* Parser.swift */ = {isa = PBXFileReference; lastKnownFileType = sourcecode.swift; path = Parser.swift; sourceTree = "<group>"; };
		C9DE222C2162E621007ED7A0 /* ANSITextState.swift */ = {isa = PBXFileReference; lastKnownFileType = sourcecode.swift; path = ANSITextState.swift; sourceTree = "<group>"; };
		C9E068F1226257AB00A1DE86 /* Python_ios.framework */ = {isa = PBXFileReference; lastKnownFileType = wrapper.framework; path = Python_ios.framework; sourceTree = "<group>"; };
		C9E30A4521C16E1E00789346 /* GithubFile.swift */ = {isa = PBXFileReference; lastKnownFileType = sourcecode.swift; path = GithubFile.swift; sourceTree = "<group>"; };
		C9E30A4B21C187C900789346 /* edit.swift */ = {isa = PBXFileReference; lastKnownFileType = sourcecode.swift; path = edit.swift; sourceTree = "<group>"; };
		C9E30A4D21C1955F00789346 /* Highlightr.xcodeproj */ = {isa = PBXFileReference; lastKnownFileType = "wrapper.pb-project"; name = Highlightr.xcodeproj; path = Highlightr/Highlightr.xcodeproj; sourceTree = "<group>"; };
		C9E30A5D21C1983F00789346 /* langs.plist */ = {isa = PBXFileReference; fileEncoding = 4; lastKnownFileType = text.plist.xml; path = langs.plist; sourceTree = "<group>"; };
		C9E3916021BDE2D800F16622 /* bc_ios.framework */ = {isa = PBXFileReference; lastKnownFileType = wrapper.framework; path = bc_ios.framework; sourceTree = "<group>"; };
		C9E5FFBF21C42ED200ED4C57 /* LibTerm-Bridging-Header.h */ = {isa = PBXFileReference; lastKnownFileType = sourcecode.c.h; path = "LibTerm-Bridging-Header.h"; sourceTree = "<group>"; };
		C9E771D321C7E80700C56FEE /* credits */ = {isa = PBXFileReference; lastKnownFileType = text; path = credits; sourceTree = "<group>"; };
		C9E771D521C7EB9E00C56FEE /* credits.swift */ = {isa = PBXFileReference; lastKnownFileType = sourcecode.swift; path = credits.swift; sourceTree = "<group>"; };
		C9F0F002216432B100CAC2A0 /* TerminalTextView.swift */ = {isa = PBXFileReference; lastKnownFileType = sourcecode.swift; path = TerminalTextView.swift; sourceTree = "<group>"; };
		C9F0F004216437BB00CAC2A0 /* InputAssistant.xcodeproj */ = {isa = PBXFileReference; lastKnownFileType = "wrapper.pb-project"; name = InputAssistant.xcodeproj; path = InputAssistant/InputAssistant.xcodeproj; sourceTree = "<group>"; };
		C9F0F01721654DBD00CAC2A0 /* TabView.xcodeproj */ = {isa = PBXFileReference; lastKnownFileType = "wrapper.pb-project"; name = TabView.xcodeproj; path = TabView/TabView.xcodeproj; sourceTree = "<group>"; };
		C9F0F02921654F2B00CAC2A0 /* TerminalTabViewController.swift */ = {isa = PBXFileReference; lastKnownFileType = sourcecode.swift; path = TerminalTabViewController.swift; sourceTree = "<group>"; };
		C9F6CB472337D9AC00BE9935 /* LibTerm.entitlements */ = {isa = PBXFileReference; lastKnownFileType = text.plist.entitlements; path = LibTerm.entitlements; sourceTree = "<group>"; };
		C9FAD8FB216AD24B005939AC /* LibTermCore.h */ = {isa = PBXFileReference; lastKnownFileType = sourcecode.c.h; path = LibTermCore.h; sourceTree = "<group>"; };
		C9FAD8FC216AD24B005939AC /* Info.plist */ = {isa = PBXFileReference; lastKnownFileType = text.plist.xml; path = Info.plist; sourceTree = "<group>"; };
/* End PBXFileReference section */

/* Begin PBXFrameworksBuildPhase section */
		C941F2A1233802E400F89B8B /* Frameworks */ = {
			isa = PBXFrameworksBuildPhase;
			buildActionMask = 2147483647;
			files = (
			);
			runOnlyForDeploymentPostprocessing = 0;
		};
		C97DE99D2348E89A0050560A /* Frameworks */ = {
			isa = PBXFrameworksBuildPhase;
			buildActionMask = 2147483647;
			files = (
				C972DD272366124300911098 /* ios_system.framework in Frameworks */,
			);
			runOnlyForDeploymentPostprocessing = 0;
		};
		C99505F421F3A12200C0D1BB /* Frameworks */ = {
			isa = PBXFrameworksBuildPhase;
			buildActionMask = 2147483647;
			files = (
				C90D8171232C3EB9002F48D2 /* ZipArchive.framework in Frameworks */,
				C9862835231C5C0F003408B8 /* Foundation.framework in Frameworks */,
				C9425A5F21F3B73D00E7CC35 /* liblzma.tbd in Frameworks */,
				C9425A4C21F3B72700E7CC35 /* libz.tbd in Frameworks */,
				C98621D5231B6C0C003408B8 /* openblas.framework in Frameworks */,
				C9CABCBD21F3A32A002DB86C /* libbz2.tbd in Frameworks */,
				C9425A3421F3B46D00E7CC35 /* libssh2.framework in Frameworks */,
				C995060E21F3A17E00C0D1BB /* ObjectUserDefaults.framework in Frameworks */,
				C995061221F3A18100C0D1BB /* TabView.framework in Frameworks */,
				C98621CF231B6B6C003408B8 /* freetype.framework in Frameworks */,
				C995061A21F3A18B00C0D1BB /* Highlightr.framework in Frameworks */,
				C995061621F3A18400C0D1BB /* InputAssistant.framework in Frameworks */,
				C9CABCDB21F3ACA6002DB86C /* bc_ios.framework in Frameworks */,
				C98621D2231B6BD7003408B8 /* harfbuzz.framework in Frameworks */,
				C995060921F3A17B00C0D1BB /* ios_system.framework in Frameworks */,
				C91A0B7521F3AFD30004238F /* openssl.framework in Frameworks */,
			);
			runOnlyForDeploymentPostprocessing = 0;
		};
/* End PBXFrameworksBuildPhase section */

/* Begin PBXGroup section */
		C90D8159232C3D85002F48D2 /* Products */ = {
			isa = PBXGroup;
			children = (
				C90D8165232C3D85002F48D2 /* ZipArchive.framework */,
				C90D8167232C3D85002F48D2 /* ZipArchive.framework */,
				C90D8169232C3D85002F48D2 /* ZipArchive.framework */,
				C90D816B232C3D85002F48D2 /* ZipArchive.framework */,
			);
			name = Products;
			sourceTree = "<group>";
		};
		C941F2A5233802E400F89B8B /* Use in LibTerm */ = {
			isa = PBXGroup;
			children = (
				C941F2BB2338048900F89B8B /* Use in LibTerm.entitlements */,
				C941F2A6233802E400F89B8B /* ShareViewController.swift */,
				C941F2A8233802E400F89B8B /* MainInterface.storyboard */,
				C941F2AB233802E400F89B8B /* Info.plist */,
			);
			path = "Use in LibTerm";
			sourceTree = "<group>";
		};
		C95BE11B21A379F900FB135B /* Products */ = {
			isa = PBXGroup;
			children = (
				C95BE11F21A379FA00FB135B /* ios_system.framework */,
			);
			name = Products;
			sourceTree = "<group>";
		};
		C968D24B2209CF67006247DA /* builtins */ = {
			isa = PBXGroup;
			children = (
				C91C345821612DBA0003BD90 /* clear.swift */,
				C91C345A21613A720003BD90 /* help.swift */,
				C9E771D521C7EB9E00C56FEE /* credits.swift */,
				C9CB2CDC216971EE004D9FFB /* exit.swift */,
				C91D4D12218FBF90003F73FF /* package.swift */,
				C9E30A4B21C187C900789346 /* edit.swift */,
				C91D4D08218FA304003F73FF /* open.swift */,
				C90ADD592324347F001F0E69 /* screenshot.swift */,
				C918BFEE244F385700FD09F2 /* jsc.swift */,
			);
			path = builtins;
			sourceTree = "<group>";
		};
		C968D2512209CF96006247DA /* ios_system */ = {
			isa = PBXGroup;
			children = (
				C965C4CD22FFA3B000CAA88B /* id.c */,
				C965C4C522FFA33600CAA88B /* pbpaste+pbcopy.swift */,
			);
			path = ios_system;
			sourceTree = "<group>";
		};
		C975C415231AF9CD00932444 /* llvm */ = {
			isa = PBXGroup;
			children = (
				C974D15C232C4ED9000A2F24 /* libLLVM.framework */,
				C975C420231AF9E500932444 /* clang.framework */,
				C975C41F231AF9E200932444 /* dis.framework */,
				C975C41C231AF9DF00932444 /* link.framework */,
				C975C41B231AF9DE00932444 /* lli.framework */,
				C975C41E231AF9E200932444 /* nm.framework */,
				C975C421231AF9E500932444 /* opt.framework */,
			);
			path = llvm;
			sourceTree = "<group>";
		};
		C97DE9A12348E89A0050560A /* LibTerm Intents */ = {
			isa = PBXGroup;
			children = (
				C998F0A523494CDF00FA1F4C /* LibTerm Intents.entitlements */,
				C97DE9A22348E89A0050560A /* IntentHandler.swift */,
				C97DE9BB2348E8E10050560A /* RunCommandIntentHandler.swift */,
				C97DE9A42348E89A0050560A /* Info.plist */,
			);
			path = "LibTerm Intents";
			sourceTree = "<group>";
		};
		C9806BB82160467E00F870B5 = {
			isa = PBXGroup;
			children = (
				C90D8158232C3D85002F48D2 /* ZipArchive.xcodeproj */,
				C9CABCD521F3AC9A002DB86C /* bc_ios.xcodeproj */,
				C95BE11A21A379F900FB135B /* ios_system.xcodeproj */,
				C9C552D3217672EA00F43B34 /* ObjectUserDefaults.xcodeproj */,
				C9F0F01721654DBD00CAC2A0 /* TabView.xcodeproj */,
				C9F0F004216437BB00CAC2A0 /* InputAssistant.xcodeproj */,
				C9E30A4D21C1955F00789346 /* Highlightr.xcodeproj */,
				C9E068F1226257AB00A1DE86 /* Python_ios.framework */,
				C975C415231AF9CD00932444 /* llvm */,
				C9806CC0216049DD00F870B5 /* ios_system */,
				C9806BC32160467E00F870B5 /* LibTerm */,
				C9FAD8FA216AD24B005939AC /* LibTermCore */,
				C941F2A5233802E400F89B8B /* Use in LibTerm */,
				C97DE9A12348E89A0050560A /* LibTerm Intents */,
				C9806BC22160467E00F870B5 /* Products */,
				C9806CB9216048FC00F870B5 /* Frameworks */,
			);
			sourceTree = "<group>";
		};
		C9806BC22160467E00F870B5 /* Products */ = {
			isa = PBXGroup;
			children = (
				C99505F721F3A12200C0D1BB /* LibTerm.app */,
				C941F2A4233802E400F89B8B /* Use in LibTerm.appex */,
				C97DE9A02348E89A0050560A /* LibTerm Intents.appex */,
			);
			name = Products;
			sourceTree = "<group>";
		};
		C9806BC32160467E00F870B5 /* LibTerm */ = {
			isa = PBXGroup;
			children = (
				C9F6CB472337D9AC00BE9935 /* LibTerm.entitlements */,
				C9806BC42160467E00F870B5 /* AppDelegate.swift */,
				C965C4D72300742B00CAA88B /* SceneDelegate.swift */,
				C9806D0221604A3900F870B5 /* LibShell.swift */,
				C927793821696CC00091B038 /* Commands.swift */,
				C983B66621976BA4009EBF4F /* ReviewHelper.swift */,
				C9E5A86921CBF2E60060B871 /* Commands */,
				C9806D1121612B8D00F870B5 /* View controllers */,
				C9806D1221612BA800F870B5 /* Helpers */,
				C9F0F0012164329E00CAC2A0 /* Views */,
				C9806D1021612B7A00F870B5 /* Resources */,
			);
			path = LibTerm;
			sourceTree = "<group>";
		};
		C9806CB9216048FC00F870B5 /* Frameworks */ = {
			isa = PBXGroup;
			children = (
				C9295456232977F800D1BB81 /* libarchive.tbd */,
				C9777591232848980028FCAE /* libLLVM.tbd */,
				C98621E0231C49C8003408B8 /* Foundation.framework */,
				C98621DE231C25F3003408B8 /* libc++abi.tbd */,
				C98621DA231C2107003408B8 /* libc++.tbd */,
				C9CABCDF21F3AE45002DB86C /* libboringssl.tbd */,
				C95FA4AB21DEA24F0015C95C /* libbz2.tbd */,
				C91FB77321DEA1E3001E987A /* liblzma.tbd */,
				C9806CBC2160492000F870B5 /* libsqlite3.tbd */,
				C9806CBA216048FC00F870B5 /* libz.tbd */,
				C96CB9F521DD48C5008C508C /* libbzip2.a */,
				C96CB9F721DD48C8008C508C /* libxz.a */,
				C96CB9F921DD48CD008C508C /* libOpenSSL.a */,
			);
			name = Frameworks;
			sourceTree = "<group>";
		};
		C9806CC0216049DD00F870B5 /* ios_system */ = {
			isa = PBXGroup;
			children = (
				C98621D4231B6C0C003408B8 /* openblas.framework */,
				C98621D1231B6BD7003408B8 /* harfbuzz.framework */,
				C98621CE231B6B6B003408B8 /* freetype.framework */,
				C98621CB231B69A1003408B8 /* Python3_ios.framework */,
				C9806CC1216049DD00F870B5 /* libtexlua52.5.dylib */,
				C9E3916021BDE2D800F16622 /* bc_ios.framework */,
				C9806CC2216049DD00F870B5 /* shell.framework */,
				C9806CC3216049DD00F870B5 /* network_ios.framework */,
				C9806CC4216049DD00F870B5 /* libkpathsea.6.dylib */,
				C9806CC5216049DD00F870B5 /* curl_ios.framework */,
				C9806CC6216049DD00F870B5 /* libluatex.dylib */,
				C9806CC7216049DD00F870B5 /* openssl.framework */,
				C9806CC8216049DD00F870B5 /* Python_ios.framework */,
				C9806CC9216049DD00F870B5 /* libssh2.framework */,
				C9806CCA216049DD00F870B5 /* libctags.dylib */,
				C9806CCB216049DD00F870B5 /* ios_system.framework */,
				C9806CCC216049DD00F870B5 /* libpdftex.dylib */,
				C9806CCD216049DD00F870B5 /* libbibtex.dylib */,
				C9806CCE216049DD00F870B5 /* tar.framework */,
				C9806CCF216049DD00F870B5 /* awk.framework */,
				C9806CD0216049DD00F870B5 /* files.framework */,
				C9806CD1216049DD00F870B5 /* ssh_cmd.framework */,
				C9806CD2216049DD00F870B5 /* text.framework */,
				C9806CD3216049DD00F870B5 /* lua_ios.framework */,
			);
			path = ios_system;
			sourceTree = "<group>";
		};
		C9806D1021612B7A00F870B5 /* Resources */ = {
			isa = PBXGroup;
			children = (
				C90D816C232C3E7C002F48D2 /* usr.zip */,
				C946A59D22072EBC00F78C5C /* site-packages3 */,
				C96CB9E221DD4241008C508C /* site-packages */,
				C9E771D321C7E80700C56FEE /* credits */,
				C9E30A5D21C1983F00789346 /* langs.plist */,
				C95BE11421A3715D00FB135B /* cacert.pem */,
				C9580E8B2165553500A43CEC /* Terminal.storyboard */,
				C9C552CF21766E8F00F43B34 /* Settings.storyboard */,
				C9806BCB2160468200F870B5 /* Assets.xcassets */,
				C9806BCD2160468200F870B5 /* LaunchScreen.storyboard */,
				C9806BD02160468200F870B5 /* Info.plist */,
				C9806D0A21610B5300F870B5 /* commandDictionary.plist */,
				C9E5FFBF21C42ED200ED4C57 /* LibTerm-Bridging-Header.h */,
				C9477BCE21D50339000680AE /* python37.zip */,
				C95CEF0521C96BC7003BC599 /* python27.zip */,
				C97DE9B72348E8C20050560A /* Intents.intentdefinition */,
			);
			name = Resources;
			sourceTree = "<group>";
		};
		C9806D1121612B8D00F870B5 /* View controllers */ = {
			isa = PBXGroup;
			children = (
				C9DE220B2162E12A007ED7A0 /* TerminalViewController.swift */,
				C9F0F02921654F2B00CAC2A0 /* TerminalTabViewController.swift */,
				C9C552D12176716C00F43B34 /* SettingsTableViewController.swift */,
			);
			path = "View controllers";
			sourceTree = "<group>";
		};
		C9806D1221612BA800F870B5 /* Helpers */ = {
			isa = PBXGroup;
			children = (
				C9806D0621604B2400F870B5 /* String.swift */,
				C9806D0E21611EA100F870B5 /* Keys.swift */,
				C9806D0421604AE700F870B5 /* IO.swift */,
				C927793221696C3F0091B038 /* CommandHelp.swift */,
				C9DE222A2162E4E5007ED7A0 /* Parser.swift */,
				C9DE222C2162E621007ED7A0 /* ANSITextState.swift */,
				C9AAAB322194E5600042E733 /* BuildDate.swift */,
				C9E30A4521C16E1E00789346 /* GithubFile.swift */,
			);
			path = Helpers;
			sourceTree = "<group>";
		};
		C9C552D4217672EA00F43B34 /* Products */ = {
			isa = PBXGroup;
			children = (
				C9C552D8217672EA00F43B34 /* ObjectUserDefaults.framework */,
			);
			name = Products;
			sourceTree = "<group>";
		};
		C9CABCD621F3AC9A002DB86C /* Products */ = {
			isa = PBXGroup;
			children = (
				C9CABCDA21F3AC9A002DB86C /* bc_ios.framework */,
			);
			name = Products;
			sourceTree = "<group>";
		};
		C9E30A4E21C1955F00789346 /* Products */ = {
			isa = PBXGroup;
			children = (
				C9E30A5321C1955F00789346 /* Highlightr.framework */,
				C9E30A5521C1955F00789346 /* Highlightr.framework */,
			);
			name = Products;
			sourceTree = "<group>";
		};
		C9E5A86921CBF2E60060B871 /* Commands */ = {
			isa = PBXGroup;
			children = (
				C968D24B2209CF67006247DA /* builtins */,
				C968D2512209CF96006247DA /* ios_system */,
			);
			path = Commands;
			sourceTree = "<group>";
		};
		C9F0F0012164329E00CAC2A0 /* Views */ = {
			isa = PBXGroup;
			children = (
				C9F0F002216432B100CAC2A0 /* TerminalTextView.swift */,
			);
			path = Views;
			sourceTree = "<group>";
		};
		C9F0F005216437BB00CAC2A0 /* Products */ = {
			isa = PBXGroup;
			children = (
				C9F0F00B216437BB00CAC2A0 /* InputAssistant.framework */,
				C9F0F00D216437BB00CAC2A0 /* liblibInputAssistant.a */,
				C9F0F00F216437BB00CAC2A0 /* InputAssistant Sample.app */,
			);
			name = Products;
			sourceTree = "<group>";
		};
		C9F0F01821654DBD00CAC2A0 /* Products */ = {
			isa = PBXGroup;
			children = (
				C9F0F02021654DBD00CAC2A0 /* TabView.framework */,
				C9F0F02221654DBD00CAC2A0 /* liblibTabView.a */,
				C9F0F02421654DBD00CAC2A0 /* TabView Sample.app */,
			);
			name = Products;
			sourceTree = "<group>";
		};
		C9FAD8FA216AD24B005939AC /* LibTermCore */ = {
			isa = PBXGroup;
			children = (
				C9FAD8FB216AD24B005939AC /* LibTermCore.h */,
				C9FAD8FC216AD24B005939AC /* Info.plist */,
			);
			path = LibTermCore;
			sourceTree = "<group>";
		};
/* End PBXGroup section */

/* Begin PBXNativeTarget section */
		C941F2A3233802E400F89B8B /* Use in LibTerm */ = {
			isa = PBXNativeTarget;
			buildConfigurationList = C941F2BA233802E400F89B8B /* Build configuration list for PBXNativeTarget "Use in LibTerm" */;
			buildPhases = (
				C941F2A0233802E400F89B8B /* Sources */,
				C941F2A1233802E400F89B8B /* Frameworks */,
				C941F2A2233802E400F89B8B /* Resources */,
			);
			buildRules = (
			);
			dependencies = (
			);
			name = "Use in LibTerm";
			productName = "Use in LibTerm";
			productReference = C941F2A4233802E400F89B8B /* Use in LibTerm.appex */;
			productType = "com.apple.product-type.app-extension";
		};
		C97DE99F2348E89A0050560A /* LibTerm Intents */ = {
			isa = PBXNativeTarget;
			buildConfigurationList = C97DE9B22348E89A0050560A /* Build configuration list for PBXNativeTarget "LibTerm Intents" */;
			buildPhases = (
				C97DE99C2348E89A0050560A /* Sources */,
				C97DE99D2348E89A0050560A /* Frameworks */,
				C97DE99E2348E89A0050560A /* Resources */,
			);
			buildRules = (
			);
			dependencies = (
			);
			name = "LibTerm Intents";
			productName = "LibTerm Intents";
			productReference = C97DE9A02348E89A0050560A /* LibTerm Intents.appex */;
			productType = "com.apple.product-type.app-extension";
		};
		C99505F621F3A12200C0D1BB /* LibTerm */ = {
			isa = PBXNativeTarget;
			buildConfigurationList = C995060621F3A12400C0D1BB /* Build configuration list for PBXNativeTarget "LibTerm" */;
			buildPhases = (
				C99505F321F3A12200C0D1BB /* Sources */,
				C99505F421F3A12200C0D1BB /* Frameworks */,
				C99505F521F3A12200C0D1BB /* Resources */,
				C995060D21F3A17C00C0D1BB /* Embed Frameworks */,
				C941F2AF233802E400F89B8B /* Embed App Extensions */,
			);
			buildRules = (
			);
			dependencies = (
				C90D816F232C3E90002F48D2 /* PBXTargetDependency */,
				C995060C21F3A17B00C0D1BB /* PBXTargetDependency */,
				C995061121F3A17E00C0D1BB /* PBXTargetDependency */,
				C995061521F3A18100C0D1BB /* PBXTargetDependency */,
				C995061921F3A18500C0D1BB /* PBXTargetDependency */,
				C995061D21F3A18B00C0D1BB /* PBXTargetDependency */,
				C9CABCDE21F3ACA6002DB86C /* PBXTargetDependency */,
				C941F2AD233802E400F89B8B /* PBXTargetDependency */,
				C97DE9A62348E89A0050560A /* PBXTargetDependency */,
			);
			name = LibTerm;
			productName = Terminal;
			productReference = C99505F721F3A12200C0D1BB /* LibTerm.app */;
			productType = "com.apple.product-type.application";
		};
/* End PBXNativeTarget section */

/* Begin PBXProject section */
		C9806BB92160467E00F870B5 /* Project object */ = {
			isa = PBXProject;
			attributes = {
				LastSwiftUpdateCheck = 1100;
				LastUpgradeCheck = 1000;
				ORGANIZATIONNAME = "Adrian Labbe";
				TargetAttributes = {
					C941F2A3233802E400F89B8B = {
						CreatedOnToolsVersion = 11.0;
					};
					C97DE99F2348E89A0050560A = {
						CreatedOnToolsVersion = 11.0;
					};
					C99505F621F3A12200C0D1BB = {
						CreatedOnToolsVersion = 10.1;
					};
				};
			};
			buildConfigurationList = C9806BBC2160467E00F870B5 /* Build configuration list for PBXProject "LibTerm" */;
			compatibilityVersion = "Xcode 9.3";
			developmentRegion = en;
			hasScannedForEncodings = 0;
			knownRegions = (
				en,
				Base,
			);
			mainGroup = C9806BB82160467E00F870B5;
			productRefGroup = C9806BC22160467E00F870B5 /* Products */;
			projectDirPath = "";
			projectReferences = (
				{
					ProductGroup = C9CABCD621F3AC9A002DB86C /* Products */;
					ProjectRef = C9CABCD521F3AC9A002DB86C /* bc_ios.xcodeproj */;
				},
				{
					ProductGroup = C9E30A4E21C1955F00789346 /* Products */;
					ProjectRef = C9E30A4D21C1955F00789346 /* Highlightr.xcodeproj */;
				},
				{
					ProductGroup = C9F0F005216437BB00CAC2A0 /* Products */;
					ProjectRef = C9F0F004216437BB00CAC2A0 /* InputAssistant.xcodeproj */;
				},
				{
					ProductGroup = C95BE11B21A379F900FB135B /* Products */;
					ProjectRef = C95BE11A21A379F900FB135B /* ios_system.xcodeproj */;
				},
				{
					ProductGroup = C9C552D4217672EA00F43B34 /* Products */;
					ProjectRef = C9C552D3217672EA00F43B34 /* ObjectUserDefaults.xcodeproj */;
				},
				{
					ProductGroup = C9F0F01821654DBD00CAC2A0 /* Products */;
					ProjectRef = C9F0F01721654DBD00CAC2A0 /* TabView.xcodeproj */;
				},
				{
					ProductGroup = C90D8159232C3D85002F48D2 /* Products */;
					ProjectRef = C90D8158232C3D85002F48D2 /* ZipArchive.xcodeproj */;
				},
			);
			projectRoot = "";
			targets = (
				C99505F621F3A12200C0D1BB /* LibTerm */,
				C941F2A3233802E400F89B8B /* Use in LibTerm */,
				C97DE99F2348E89A0050560A /* LibTerm Intents */,
			);
		};
/* End PBXProject section */

/* Begin PBXReferenceProxy section */
		C90D8165232C3D85002F48D2 /* ZipArchive.framework */ = {
			isa = PBXReferenceProxy;
			fileType = wrapper.framework;
			path = ZipArchive.framework;
			remoteRef = C90D8164232C3D85002F48D2 /* PBXContainerItemProxy */;
			sourceTree = BUILT_PRODUCTS_DIR;
		};
		C90D8167232C3D85002F48D2 /* ZipArchive.framework */ = {
			isa = PBXReferenceProxy;
			fileType = wrapper.framework;
			path = ZipArchive.framework;
			remoteRef = C90D8166232C3D85002F48D2 /* PBXContainerItemProxy */;
			sourceTree = BUILT_PRODUCTS_DIR;
		};
		C90D8169232C3D85002F48D2 /* ZipArchive.framework */ = {
			isa = PBXReferenceProxy;
			fileType = wrapper.framework;
			path = ZipArchive.framework;
			remoteRef = C90D8168232C3D85002F48D2 /* PBXContainerItemProxy */;
			sourceTree = BUILT_PRODUCTS_DIR;
		};
		C90D816B232C3D85002F48D2 /* ZipArchive.framework */ = {
			isa = PBXReferenceProxy;
			fileType = wrapper.framework;
			path = ZipArchive.framework;
			remoteRef = C90D816A232C3D85002F48D2 /* PBXContainerItemProxy */;
			sourceTree = BUILT_PRODUCTS_DIR;
		};
		C95BE11F21A379FA00FB135B /* ios_system.framework */ = {
			isa = PBXReferenceProxy;
			fileType = wrapper.framework;
			path = ios_system.framework;
			remoteRef = C95BE11E21A379FA00FB135B /* PBXContainerItemProxy */;
			sourceTree = BUILT_PRODUCTS_DIR;
		};
		C9C552D8217672EA00F43B34 /* ObjectUserDefaults.framework */ = {
			isa = PBXReferenceProxy;
			fileType = wrapper.framework;
			path = ObjectUserDefaults.framework;
			remoteRef = C9C552D7217672EA00F43B34 /* PBXContainerItemProxy */;
			sourceTree = BUILT_PRODUCTS_DIR;
		};
		C9CABCDA21F3AC9A002DB86C /* bc_ios.framework */ = {
			isa = PBXReferenceProxy;
			fileType = wrapper.framework;
			path = bc_ios.framework;
			remoteRef = C9CABCD921F3AC9A002DB86C /* PBXContainerItemProxy */;
			sourceTree = BUILT_PRODUCTS_DIR;
		};
		C9E30A5321C1955F00789346 /* Highlightr.framework */ = {
			isa = PBXReferenceProxy;
			fileType = wrapper.framework;
			path = Highlightr.framework;
			remoteRef = C9E30A5221C1955F00789346 /* PBXContainerItemProxy */;
			sourceTree = BUILT_PRODUCTS_DIR;
		};
		C9E30A5521C1955F00789346 /* Highlightr.framework */ = {
			isa = PBXReferenceProxy;
			fileType = wrapper.framework;
			path = Highlightr.framework;
			remoteRef = C9E30A5421C1955F00789346 /* PBXContainerItemProxy */;
			sourceTree = BUILT_PRODUCTS_DIR;
		};
		C9F0F00B216437BB00CAC2A0 /* InputAssistant.framework */ = {
			isa = PBXReferenceProxy;
			fileType = wrapper.framework;
			path = InputAssistant.framework;
			remoteRef = C9F0F00A216437BB00CAC2A0 /* PBXContainerItemProxy */;
			sourceTree = BUILT_PRODUCTS_DIR;
		};
		C9F0F00D216437BB00CAC2A0 /* liblibInputAssistant.a */ = {
			isa = PBXReferenceProxy;
			fileType = archive.ar;
			path = liblibInputAssistant.a;
			remoteRef = C9F0F00C216437BB00CAC2A0 /* PBXContainerItemProxy */;
			sourceTree = BUILT_PRODUCTS_DIR;
		};
		C9F0F00F216437BB00CAC2A0 /* InputAssistant Sample.app */ = {
			isa = PBXReferenceProxy;
			fileType = wrapper.application;
			path = "InputAssistant Sample.app";
			remoteRef = C9F0F00E216437BB00CAC2A0 /* PBXContainerItemProxy */;
			sourceTree = BUILT_PRODUCTS_DIR;
		};
		C9F0F02021654DBD00CAC2A0 /* TabView.framework */ = {
			isa = PBXReferenceProxy;
			fileType = wrapper.framework;
			path = TabView.framework;
			remoteRef = C9F0F01F21654DBD00CAC2A0 /* PBXContainerItemProxy */;
			sourceTree = BUILT_PRODUCTS_DIR;
		};
		C9F0F02221654DBD00CAC2A0 /* liblibTabView.a */ = {
			isa = PBXReferenceProxy;
			fileType = archive.ar;
			path = liblibTabView.a;
			remoteRef = C9F0F02121654DBD00CAC2A0 /* PBXContainerItemProxy */;
			sourceTree = BUILT_PRODUCTS_DIR;
		};
		C9F0F02421654DBD00CAC2A0 /* TabView Sample.app */ = {
			isa = PBXReferenceProxy;
			fileType = wrapper.application;
			path = "TabView Sample.app";
			remoteRef = C9F0F02321654DBD00CAC2A0 /* PBXContainerItemProxy */;
			sourceTree = BUILT_PRODUCTS_DIR;
		};
/* End PBXReferenceProxy section */

/* Begin PBXResourcesBuildPhase section */
		C941F2A2233802E400F89B8B /* Resources */ = {
			isa = PBXResourcesBuildPhase;
			buildActionMask = 2147483647;
			files = (
				C941F2AA233802E400F89B8B /* MainInterface.storyboard in Resources */,
			);
			runOnlyForDeploymentPostprocessing = 0;
		};
		C97DE99E2348E89A0050560A /* Resources */ = {
			isa = PBXResourcesBuildPhase;
			buildActionMask = 2147483647;
			files = (
				C97DE9C52348EA200050560A /* cacert.pem in Resources */,
				C998F0A32348ED7B00FA1F4C /* python37.zip in Resources */,
				C998F0A22348ED7900FA1F4C /* python27.zip in Resources */,
				C97DE9C32348E9750050560A /* commandDictionary.plist in Resources */,
			);
			runOnlyForDeploymentPostprocessing = 0;
		};
		C99505F521F3A12200C0D1BB /* Resources */ = {
			isa = PBXResourcesBuildPhase;
			buildActionMask = 2147483647;
			files = (
				C9CABCBF21F3A793002DB86C /* site-packages in Resources */,
				C9CABCC021F3A793002DB86C /* credits in Resources */,
				C9CABCC121F3A793002DB86C /* langs.plist in Resources */,
				C9CABCC221F3A793002DB86C /* cacert.pem in Resources */,
				C9CABCC321F3A793002DB86C /* Terminal.storyboard in Resources */,
				C9CABCC421F3A793002DB86C /* Settings.storyboard in Resources */,
				C9CABCC521F3A793002DB86C /* Assets.xcassets in Resources */,
				C9CABCC621F3A793002DB86C /* LaunchScreen.storyboard in Resources */,
				C9CABCC821F3A793002DB86C /* commandDictionary.plist in Resources */,
				C9CABCC921F3A794002DB86C /* python37.zip in Resources */,
				C90D816D232C3E7C002F48D2 /* usr.zip in Resources */,
				C946A5A322072EBC00F78C5C /* site-packages3 in Resources */,
				C9CABCCA21F3A794002DB86C /* python27.zip in Resources */,
			);
			runOnlyForDeploymentPostprocessing = 0;
		};
/* End PBXResourcesBuildPhase section */

/* Begin PBXSourcesBuildPhase section */
		C941F2A0233802E400F89B8B /* Sources */ = {
			isa = PBXSourcesBuildPhase;
			buildActionMask = 2147483647;
			files = (
				C941F2A7233802E400F89B8B /* ShareViewController.swift in Sources */,
			);
			runOnlyForDeploymentPostprocessing = 0;
		};
		C97DE99C2348E89A0050560A /* Sources */ = {
			isa = PBXSourcesBuildPhase;
			buildActionMask = 2147483647;
			files = (
				C97DE9B92348E8C60050560A /* Intents.intentdefinition in Sources */,
				C97DE9A32348E89A0050560A /* IntentHandler.swift in Sources */,
				C97DE9C42348E9810050560A /* String.swift in Sources */,
				C97DE9BD2348E8E10050560A /* RunCommandIntentHandler.swift in Sources */,
			);
			runOnlyForDeploymentPostprocessing = 0;
		};
		C99505F321F3A12200C0D1BB /* Sources */ = {
			isa = PBXSourcesBuildPhase;
			buildActionMask = 2147483647;
			files = (
				C995065221F3A24600C0D1BB /* CommandHelp.swift in Sources */,
				C90ADD5A2324347F001F0E69 /* screenshot.swift in Sources */,
				C995064C21F3A24000C0D1BB /* TerminalViewController.swift in Sources */,
				C918BFEF244F385700FD09F2 /* jsc.swift in Sources */,
				C995064821F3A23B00C0D1BB /* package.swift in Sources */,
				C995065121F3A24600C0D1BB /* IO.swift in Sources */,
				C995063F21F3A23600C0D1BB /* LibShell.swift in Sources */,
				C995064021F3A23600C0D1BB /* Commands.swift in Sources */,
				C995065021F3A24600C0D1BB /* Keys.swift in Sources */,
				C995064E21F3A24000C0D1BB /* SettingsTableViewController.swift in Sources */,
				C995064321F3A23B00C0D1BB /* credits.swift in Sources */,
				C97DE9B82348E8C20050560A /* Intents.intentdefinition in Sources */,
				C995065321F3A24600C0D1BB /* Parser.swift in Sources */,
				C995063E21F3A23600C0D1BB /* AppDelegate.swift in Sources */,
				C965C4CE22FFA3B000CAA88B /* id.c in Sources */,
				C995064721F3A23B00C0D1BB /* open.swift in Sources */,
				C995064921F3A23B00C0D1BB /* edit.swift in Sources */,
				C965C4D82300742B00CAA88B /* SceneDelegate.swift in Sources */,
				C995065921F3A24D00C0D1BB /* TerminalTextView.swift in Sources */,
				C995065521F3A24600C0D1BB /* BuildDate.swift in Sources */,
				C995064F21F3A24600C0D1BB /* String.swift in Sources */,
				C965C4C622FFA33600CAA88B /* pbpaste+pbcopy.swift in Sources */,
				C995064221F3A23B00C0D1BB /* clear.swift in Sources */,
				C995064D21F3A24000C0D1BB /* TerminalTabViewController.swift in Sources */,
				C995065621F3A24600C0D1BB /* GithubFile.swift in Sources */,
				C995064421F3A23B00C0D1BB /* help.swift in Sources */,
				C995064621F3A23B00C0D1BB /* exit.swift in Sources */,
				C995064121F3A23600C0D1BB /* ReviewHelper.swift in Sources */,
				C995065421F3A24600C0D1BB /* ANSITextState.swift in Sources */,
			);
			runOnlyForDeploymentPostprocessing = 0;
		};
/* End PBXSourcesBuildPhase section */

/* Begin PBXTargetDependency section */
		C90D816F232C3E90002F48D2 /* PBXTargetDependency */ = {
			isa = PBXTargetDependency;
			name = "ZipArchive-iOS";
			targetProxy = C90D816E232C3E90002F48D2 /* PBXContainerItemProxy */;
		};
		C941F2AD233802E400F89B8B /* PBXTargetDependency */ = {
			isa = PBXTargetDependency;
			target = C941F2A3233802E400F89B8B /* Use in LibTerm */;
			targetProxy = C941F2AC233802E400F89B8B /* PBXContainerItemProxy */;
		};
		C97DE9A62348E89A0050560A /* PBXTargetDependency */ = {
			isa = PBXTargetDependency;
			target = C97DE99F2348E89A0050560A /* LibTerm Intents */;
			targetProxy = C97DE9A52348E89A0050560A /* PBXContainerItemProxy */;
		};
		C995060C21F3A17B00C0D1BB /* PBXTargetDependency */ = {
			isa = PBXTargetDependency;
			name = ios_system;
			targetProxy = C995060B21F3A17B00C0D1BB /* PBXContainerItemProxy */;
		};
		C995061121F3A17E00C0D1BB /* PBXTargetDependency */ = {
			isa = PBXTargetDependency;
			name = ObjectUserDefaults;
			targetProxy = C995061021F3A17E00C0D1BB /* PBXContainerItemProxy */;
		};
		C995061521F3A18100C0D1BB /* PBXTargetDependency */ = {
			isa = PBXTargetDependency;
			name = TabView;
			targetProxy = C995061421F3A18100C0D1BB /* PBXContainerItemProxy */;
		};
		C995061921F3A18500C0D1BB /* PBXTargetDependency */ = {
			isa = PBXTargetDependency;
			name = InputAssistant;
			targetProxy = C995061821F3A18500C0D1BB /* PBXContainerItemProxy */;
		};
		C995061D21F3A18B00C0D1BB /* PBXTargetDependency */ = {
			isa = PBXTargetDependency;
			name = "Highlightr-iOS";
			targetProxy = C995061C21F3A18B00C0D1BB /* PBXContainerItemProxy */;
		};
		C9CABCDE21F3ACA6002DB86C /* PBXTargetDependency */ = {
			isa = PBXTargetDependency;
			name = bc_ios;
			targetProxy = C9CABCDD21F3ACA6002DB86C /* PBXContainerItemProxy */;
		};
/* End PBXTargetDependency section */

/* Begin PBXVariantGroup section */
		C941F2A8233802E400F89B8B /* MainInterface.storyboard */ = {
			isa = PBXVariantGroup;
			children = (
				C941F2A9233802E400F89B8B /* Base */,
			);
			name = MainInterface.storyboard;
			sourceTree = "<group>";
		};
		C9806BCD2160468200F870B5 /* LaunchScreen.storyboard */ = {
			isa = PBXVariantGroup;
			children = (
				C9806BCE2160468200F870B5 /* Base */,
			);
			name = LaunchScreen.storyboard;
			sourceTree = "<group>";
		};
/* End PBXVariantGroup section */

/* Begin XCBuildConfiguration section */
		C941F2B0233802E400F89B8B /* Debug */ = {
			isa = XCBuildConfiguration;
			buildSettings = {
				CODE_SIGN_ENTITLEMENTS = "Use in LibTerm/Use in LibTerm.entitlements";
				CODE_SIGN_STYLE = Automatic;
				CURRENT_PROJECT_VERSION = 3;
				DEVELOPMENT_TEAM = Y96PL6G497;
				INFOPLIST_FILE = "Use in LibTerm/Info.plist";
				IPHONEOS_DEPLOYMENT_TARGET = 13.0;
				LD_RUNPATH_SEARCH_PATHS = (
					"$(inherited)",
					"@executable_path/Frameworks",
					"@executable_path/../../Frameworks",
				);
				MARKETING_VERSION = 5.2.1;
				PRODUCT_BUNDLE_IDENTIFIER = "ch.marcela.ada.LibTerm.Use-in-LibTerm";
				PRODUCT_NAME = "$(TARGET_NAME)";
				SKIP_INSTALL = YES;
				SWIFT_VERSION = 5.0;
				TARGETED_DEVICE_FAMILY = "1,2";
			};
			name = Debug;
		};
		C941F2B1233802E400F89B8B /* Release */ = {
			isa = XCBuildConfiguration;
			buildSettings = {
				CODE_SIGN_ENTITLEMENTS = "Use in LibTerm/Use in LibTerm.entitlements";
				CODE_SIGN_STYLE = Automatic;
				CURRENT_PROJECT_VERSION = 3;
				DEVELOPMENT_TEAM = Y96PL6G497;
				INFOPLIST_FILE = "Use in LibTerm/Info.plist";
				IPHONEOS_DEPLOYMENT_TARGET = 13.0;
				LD_RUNPATH_SEARCH_PATHS = (
					"$(inherited)",
					"@executable_path/Frameworks",
					"@executable_path/../../Frameworks",
				);
				MARKETING_VERSION = 5.2.1;
				PRODUCT_BUNDLE_IDENTIFIER = "ch.marcela.ada.LibTerm.Use-in-LibTerm";
				PRODUCT_NAME = "$(TARGET_NAME)";
				SKIP_INSTALL = YES;
				SWIFT_VERSION = 5.0;
				TARGETED_DEVICE_FAMILY = "1,2";
			};
			name = Release;
		};
		C97DE9A82348E89A0050560A /* Debug */ = {
			isa = XCBuildConfiguration;
			buildSettings = {
				CODE_SIGN_ENTITLEMENTS = "LibTerm Intents/LibTerm Intents.entitlements";
				CODE_SIGN_STYLE = Automatic;
				CURRENT_PROJECT_VERSION = 3;
				DEVELOPMENT_TEAM = Y96PL6G497;
				INFOPLIST_FILE = "LibTerm Intents/Info.plist";
				IPHONEOS_DEPLOYMENT_TARGET = 13.0;
				LD_RUNPATH_SEARCH_PATHS = (
					"$(inherited)",
					"@executable_path/Frameworks",
					"@executable_path/../../Frameworks",
				);
				MARKETING_VERSION = 5.2.1;
				PRODUCT_BUNDLE_IDENTIFIER = "ch.marcela.ada.LibTerm.LibTerm-Intents";
				PRODUCT_NAME = "$(TARGET_NAME)";
				SKIP_INSTALL = YES;
				SWIFT_VERSION = 5.0;
				TARGETED_DEVICE_FAMILY = "1,2";
			};
			name = Debug;
		};
		C97DE9A92348E89A0050560A /* Release */ = {
			isa = XCBuildConfiguration;
			buildSettings = {
				CODE_SIGN_ENTITLEMENTS = "LibTerm Intents/LibTerm Intents.entitlements";
				CODE_SIGN_STYLE = Automatic;
				CURRENT_PROJECT_VERSION = 3;
				DEVELOPMENT_TEAM = Y96PL6G497;
				INFOPLIST_FILE = "LibTerm Intents/Info.plist";
				IPHONEOS_DEPLOYMENT_TARGET = 13.0;
				LD_RUNPATH_SEARCH_PATHS = (
					"$(inherited)",
					"@executable_path/Frameworks",
					"@executable_path/../../Frameworks",
				);
				MARKETING_VERSION = 5.2.1;
				PRODUCT_BUNDLE_IDENTIFIER = "ch.marcela.ada.LibTerm.LibTerm-Intents";
				PRODUCT_NAME = "$(TARGET_NAME)";
				SKIP_INSTALL = YES;
				SWIFT_VERSION = 5.0;
				TARGETED_DEVICE_FAMILY = "1,2";
			};
			name = Release;
		};
		C9806BD12160468200F870B5 /* Debug */ = {
			isa = XCBuildConfiguration;
			buildSettings = {
				ALWAYS_SEARCH_USER_PATHS = NO;
				CLANG_ANALYZER_NONNULL = YES;
				CLANG_ANALYZER_NUMBER_OBJECT_CONVERSION = YES_AGGRESSIVE;
				CLANG_CXX_LANGUAGE_STANDARD = "gnu++14";
				CLANG_CXX_LIBRARY = "libc++";
				CLANG_ENABLE_MODULES = YES;
				CLANG_ENABLE_OBJC_ARC = YES;
				CLANG_ENABLE_OBJC_WEAK = YES;
				CLANG_WARN_BLOCK_CAPTURE_AUTORELEASING = YES;
				CLANG_WARN_BOOL_CONVERSION = YES;
				CLANG_WARN_COMMA = YES;
				CLANG_WARN_CONSTANT_CONVERSION = YES;
				CLANG_WARN_DEPRECATED_OBJC_IMPLEMENTATIONS = YES;
				CLANG_WARN_DIRECT_OBJC_ISA_USAGE = YES_ERROR;
				CLANG_WARN_DOCUMENTATION_COMMENTS = YES;
				CLANG_WARN_EMPTY_BODY = YES;
				CLANG_WARN_ENUM_CONVERSION = YES;
				CLANG_WARN_INFINITE_RECURSION = YES;
				CLANG_WARN_INT_CONVERSION = YES;
				CLANG_WARN_NON_LITERAL_NULL_CONVERSION = YES;
				CLANG_WARN_OBJC_IMPLICIT_RETAIN_SELF = YES;
				CLANG_WARN_OBJC_LITERAL_CONVERSION = YES;
				CLANG_WARN_OBJC_ROOT_CLASS = YES_ERROR;
				CLANG_WARN_RANGE_LOOP_ANALYSIS = YES;
				CLANG_WARN_STRICT_PROTOTYPES = YES;
				CLANG_WARN_SUSPICIOUS_MOVE = YES;
				CLANG_WARN_UNGUARDED_AVAILABILITY = YES_AGGRESSIVE;
				CLANG_WARN_UNREACHABLE_CODE = YES;
				CLANG_WARN__DUPLICATE_METHOD_MATCH = YES;
				CODE_SIGN_IDENTITY = "iPhone Developer";
				COPY_PHASE_STRIP = NO;
				DEBUG_INFORMATION_FORMAT = dwarf;
				ENABLE_BITCODE = NO;
				ENABLE_STRICT_OBJC_MSGSEND = YES;
				ENABLE_TESTABILITY = YES;
				GCC_C_LANGUAGE_STANDARD = gnu11;
				GCC_DYNAMIC_NO_PIC = NO;
				GCC_NO_COMMON_BLOCKS = YES;
				GCC_OPTIMIZATION_LEVEL = 0;
				GCC_PREPROCESSOR_DEFINITIONS = (
					"DEBUG=1",
					"$(inherited)",
				);
				GCC_WARN_64_TO_32_BIT_CONVERSION = YES;
				GCC_WARN_ABOUT_RETURN_TYPE = YES_ERROR;
				GCC_WARN_UNDECLARED_SELECTOR = YES;
				GCC_WARN_UNINITIALIZED_AUTOS = YES_AGGRESSIVE;
				GCC_WARN_UNUSED_FUNCTION = YES;
				GCC_WARN_UNUSED_VARIABLE = YES;
				IPHONEOS_DEPLOYMENT_TARGET = 12.0;
				MTL_ENABLE_DEBUG_INFO = INCLUDE_SOURCE;
				MTL_FAST_MATH = YES;
				ONLY_ACTIVE_ARCH = YES;
				SDKROOT = iphoneos;
				SWIFT_ACTIVE_COMPILATION_CONDITIONS = DEBUG;
				SWIFT_OPTIMIZATION_LEVEL = "-Onone";
			};
			name = Debug;
		};
		C9806BD22160468200F870B5 /* Release */ = {
			isa = XCBuildConfiguration;
			buildSettings = {
				ALWAYS_SEARCH_USER_PATHS = NO;
				CLANG_ANALYZER_NONNULL = YES;
				CLANG_ANALYZER_NUMBER_OBJECT_CONVERSION = YES_AGGRESSIVE;
				CLANG_CXX_LANGUAGE_STANDARD = "gnu++14";
				CLANG_CXX_LIBRARY = "libc++";
				CLANG_ENABLE_MODULES = YES;
				CLANG_ENABLE_OBJC_ARC = YES;
				CLANG_ENABLE_OBJC_WEAK = YES;
				CLANG_WARN_BLOCK_CAPTURE_AUTORELEASING = YES;
				CLANG_WARN_BOOL_CONVERSION = YES;
				CLANG_WARN_COMMA = YES;
				CLANG_WARN_CONSTANT_CONVERSION = YES;
				CLANG_WARN_DEPRECATED_OBJC_IMPLEMENTATIONS = YES;
				CLANG_WARN_DIRECT_OBJC_ISA_USAGE = YES_ERROR;
				CLANG_WARN_DOCUMENTATION_COMMENTS = YES;
				CLANG_WARN_EMPTY_BODY = YES;
				CLANG_WARN_ENUM_CONVERSION = YES;
				CLANG_WARN_INFINITE_RECURSION = YES;
				CLANG_WARN_INT_CONVERSION = YES;
				CLANG_WARN_NON_LITERAL_NULL_CONVERSION = YES;
				CLANG_WARN_OBJC_IMPLICIT_RETAIN_SELF = YES;
				CLANG_WARN_OBJC_LITERAL_CONVERSION = YES;
				CLANG_WARN_OBJC_ROOT_CLASS = YES_ERROR;
				CLANG_WARN_RANGE_LOOP_ANALYSIS = YES;
				CLANG_WARN_STRICT_PROTOTYPES = YES;
				CLANG_WARN_SUSPICIOUS_MOVE = YES;
				CLANG_WARN_UNGUARDED_AVAILABILITY = YES_AGGRESSIVE;
				CLANG_WARN_UNREACHABLE_CODE = YES;
				CLANG_WARN__DUPLICATE_METHOD_MATCH = YES;
				CODE_SIGN_IDENTITY = "iPhone Developer";
				COPY_PHASE_STRIP = NO;
				DEBUG_INFORMATION_FORMAT = "dwarf-with-dsym";
				ENABLE_BITCODE = NO;
				ENABLE_NS_ASSERTIONS = NO;
				ENABLE_STRICT_OBJC_MSGSEND = YES;
				GCC_C_LANGUAGE_STANDARD = gnu11;
				GCC_NO_COMMON_BLOCKS = YES;
				GCC_WARN_64_TO_32_BIT_CONVERSION = YES;
				GCC_WARN_ABOUT_RETURN_TYPE = YES_ERROR;
				GCC_WARN_UNDECLARED_SELECTOR = YES;
				GCC_WARN_UNINITIALIZED_AUTOS = YES_AGGRESSIVE;
				GCC_WARN_UNUSED_FUNCTION = YES;
				GCC_WARN_UNUSED_VARIABLE = YES;
				IPHONEOS_DEPLOYMENT_TARGET = 12.0;
				MTL_ENABLE_DEBUG_INFO = NO;
				MTL_FAST_MATH = YES;
				SDKROOT = iphoneos;
				SWIFT_COMPILATION_MODE = wholemodule;
				SWIFT_OPTIMIZATION_LEVEL = "-O";
				VALIDATE_PRODUCT = YES;
			};
			name = Release;
		};
		C995060721F3A12400C0D1BB /* Debug */ = {
			isa = XCBuildConfiguration;
			buildSettings = {
				ALWAYS_EMBED_SWIFT_STANDARD_LIBRARIES = YES;
				ASSETCATALOG_COMPILER_APPICON_NAME = AppIcon;
				CLANG_CXX_LANGUAGE_STANDARD = "c++17";
				CLANG_CXX_LIBRARY = "libc++";
				CLANG_ENABLE_OBJC_ARC = NO;
				CODE_SIGN_ENTITLEMENTS = LibTerm/LibTerm.entitlements;
				CODE_SIGN_STYLE = Automatic;
				CURRENT_PROJECT_VERSION = 3;
				DEVELOPMENT_TEAM = Y96PL6G497;
				ENABLE_BITCODE = NO;
				FRAMEWORK_SEARCH_PATHS = (
					"$(inherited)",
					"$(PROJECT_DIR)/ios_system",
					"$(PROJECT_DIR)",
					"$(PROJECT_DIR)/llvm",
				);
				HEADER_SEARCH_PATHS = /System/Library/Frameworks/Python.framework/Versions/2.7/include/python2.7;
				INFOPLIST_FILE = "$(SRCROOT)/LibTerm/Info.plist";
				IPHONEOS_DEPLOYMENT_TARGET = 12.0;
				LD_RUNPATH_SEARCH_PATHS = (
					"$(inherited)",
					"@executable_path/Frameworks",
				);
				LIBRARY_SEARCH_PATHS = (
					"$(inherited)",
					"$(PROJECT_DIR)",
					"$(PROJECT_DIR)/llvm",
				);
				MARKETING_VERSION = 5.2.1;
				PRODUCT_BUNDLE_IDENTIFIER = ch.marcela.ada.LibTerm;
				PRODUCT_NAME = "$(TARGET_NAME)";
				STRIP_STYLE = "non-global";
				SWIFT_OBJC_BRIDGING_HEADER = "LibTerm/LibTerm-Bridging-Header.h";
				SWIFT_VERSION = 4.2;
				TARGETED_DEVICE_FAMILY = "1,2";
			};
			name = Debug;
		};
		C995060821F3A12400C0D1BB /* Release */ = {
			isa = XCBuildConfiguration;
			buildSettings = {
				ALWAYS_EMBED_SWIFT_STANDARD_LIBRARIES = YES;
				ASSETCATALOG_COMPILER_APPICON_NAME = AppIcon;
				CLANG_CXX_LANGUAGE_STANDARD = "c++17";
				CLANG_CXX_LIBRARY = "libc++";
				CLANG_ENABLE_OBJC_ARC = NO;
				CODE_SIGN_ENTITLEMENTS = LibTerm/LibTerm.entitlements;
				CODE_SIGN_STYLE = Automatic;
				CURRENT_PROJECT_VERSION = 3;
				DEVELOPMENT_TEAM = Y96PL6G497;
				ENABLE_BITCODE = NO;
				FRAMEWORK_SEARCH_PATHS = (
					"$(inherited)",
					"$(PROJECT_DIR)/ios_system",
					"$(PROJECT_DIR)",
					"$(PROJECT_DIR)/llvm",
				);
				HEADER_SEARCH_PATHS = /System/Library/Frameworks/Python.framework/Versions/2.7/include/python2.7;
				INFOPLIST_FILE = "$(SRCROOT)/LibTerm/Info.plist";
				IPHONEOS_DEPLOYMENT_TARGET = 12.0;
				LD_RUNPATH_SEARCH_PATHS = (
					"$(inherited)",
					"@executable_path/Frameworks",
				);
				LIBRARY_SEARCH_PATHS = (
					"$(inherited)",
					"$(PROJECT_DIR)",
					"$(PROJECT_DIR)/llvm",
				);
				MARKETING_VERSION = 5.2.1;
				PRODUCT_BUNDLE_IDENTIFIER = ch.marcela.ada.LibTerm;
				PRODUCT_NAME = "$(TARGET_NAME)";
				STRIP_STYLE = "non-global";
				SWIFT_OBJC_BRIDGING_HEADER = "LibTerm/LibTerm-Bridging-Header.h";
				SWIFT_VERSION = 4.2;
				TARGETED_DEVICE_FAMILY = "1,2";
			};
			name = Release;
		};
/* End XCBuildConfiguration section */

/* Begin XCConfigurationList section */
		C941F2BA233802E400F89B8B /* Build configuration list for PBXNativeTarget "Use in LibTerm" */ = {
			isa = XCConfigurationList;
			buildConfigurations = (
				C941F2B0233802E400F89B8B /* Debug */,
				C941F2B1233802E400F89B8B /* Release */,
			);
			defaultConfigurationIsVisible = 0;
			defaultConfigurationName = Release;
		};
		C97DE9B22348E89A0050560A /* Build configuration list for PBXNativeTarget "LibTerm Intents" */ = {
			isa = XCConfigurationList;
			buildConfigurations = (
				C97DE9A82348E89A0050560A /* Debug */,
				C97DE9A92348E89A0050560A /* Release */,
			);
			defaultConfigurationIsVisible = 0;
			defaultConfigurationName = Release;
		};
		C9806BBC2160467E00F870B5 /* Build configuration list for PBXProject "LibTerm" */ = {
			isa = XCConfigurationList;
			buildConfigurations = (
				C9806BD12160468200F870B5 /* Debug */,
				C9806BD22160468200F870B5 /* Release */,
			);
			defaultConfigurationIsVisible = 0;
			defaultConfigurationName = Release;
		};
		C995060621F3A12400C0D1BB /* Build configuration list for PBXNativeTarget "LibTerm" */ = {
			isa = XCConfigurationList;
			buildConfigurations = (
				C995060721F3A12400C0D1BB /* Debug */,
				C995060821F3A12400C0D1BB /* Release */,
			);
			defaultConfigurationIsVisible = 0;
			defaultConfigurationName = Release;
		};
/* End XCConfigurationList section */
	};
	rootObject = C9806BB92160467E00F870B5 /* Project object */;
}
