// !$*UTF8*$!
{
	archiveVersion = 1;
	classes = {
	};
	objectVersion = 50;
	objects = {

/* Begin PBXBuildFile section */
		C91C345921612DBA0003BD90 /* clear.swift in Sources */ = {isa = PBXBuildFile; fileRef = C91C345821612DBA0003BD90 /* clear.swift */; };
		C91C345B21613A720003BD90 /* help.swift in Sources */ = {isa = PBXBuildFile; fileRef = C91C345A21613A720003BD90 /* help.swift */; };
		C9806BC52160467E00F870B5 /* AppDelegate.swift in Sources */ = {isa = PBXBuildFile; fileRef = C9806BC42160467E00F870B5 /* AppDelegate.swift */; };
		C9806BC72160467E00F870B5 /* TerminalViewController.swift in Sources */ = {isa = PBXBuildFile; fileRef = C9806BC62160467E00F870B5 /* TerminalViewController.swift */; };
		C9806BCA2160467E00F870B5 /* Main.storyboard in Resources */ = {isa = PBXBuildFile; fileRef = C9806BC82160467E00F870B5 /* Main.storyboard */; };
		C9806BCC2160468200F870B5 /* Assets.xcassets in Resources */ = {isa = PBXBuildFile; fileRef = C9806BCB2160468200F870B5 /* Assets.xcassets */; };
		C9806BCF2160468200F870B5 /* LaunchScreen.storyboard in Resources */ = {isa = PBXBuildFile; fileRef = C9806BCD2160468200F870B5 /* LaunchScreen.storyboard */; };
		C9806CE821604A1400F870B5 /* shell.framework in Embed Frameworks */ = {isa = PBXBuildFile; fileRef = C9806CC2216049DD00F870B5 /* shell.framework */; settings = {ATTRIBUTES = (CodeSignOnCopy, RemoveHeadersOnCopy, ); }; };
		C9806CEA21604A1400F870B5 /* network_ios.framework in Embed Frameworks */ = {isa = PBXBuildFile; fileRef = C9806CC3216049DD00F870B5 /* network_ios.framework */; settings = {ATTRIBUTES = (CodeSignOnCopy, RemoveHeadersOnCopy, ); }; };
		C9806CEC21604A1400F870B5 /* curl_ios.framework in Embed Frameworks */ = {isa = PBXBuildFile; fileRef = C9806CC5216049DD00F870B5 /* curl_ios.framework */; settings = {ATTRIBUTES = (CodeSignOnCopy, RemoveHeadersOnCopy, ); }; };
		C9806CEE21604A1400F870B5 /* openssl.framework in Embed Frameworks */ = {isa = PBXBuildFile; fileRef = C9806CC7216049DD00F870B5 /* openssl.framework */; settings = {ATTRIBUTES = (CodeSignOnCopy, RemoveHeadersOnCopy, ); }; };
		C9806CF021604A1400F870B5 /* Python_ios.framework in Embed Frameworks */ = {isa = PBXBuildFile; fileRef = C9806CC8216049DD00F870B5 /* Python_ios.framework */; settings = {ATTRIBUTES = (CodeSignOnCopy, RemoveHeadersOnCopy, ); }; };
		C9806CF221604A1400F870B5 /* libssh2.framework in Embed Frameworks */ = {isa = PBXBuildFile; fileRef = C9806CC9216049DD00F870B5 /* libssh2.framework */; settings = {ATTRIBUTES = (CodeSignOnCopy, RemoveHeadersOnCopy, ); }; };
		C9806CF421604A1400F870B5 /* ios_system.framework in Embed Frameworks */ = {isa = PBXBuildFile; fileRef = C9806CCB216049DD00F870B5 /* ios_system.framework */; settings = {ATTRIBUTES = (CodeSignOnCopy, RemoveHeadersOnCopy, ); }; };
		C9806CF621604A1400F870B5 /* tar.framework in Embed Frameworks */ = {isa = PBXBuildFile; fileRef = C9806CCE216049DD00F870B5 /* tar.framework */; settings = {ATTRIBUTES = (CodeSignOnCopy, RemoveHeadersOnCopy, ); }; };
		C9806CF821604A1400F870B5 /* awk.framework in Embed Frameworks */ = {isa = PBXBuildFile; fileRef = C9806CCF216049DD00F870B5 /* awk.framework */; settings = {ATTRIBUTES = (CodeSignOnCopy, RemoveHeadersOnCopy, ); }; };
		C9806CFA21604A1400F870B5 /* files.framework in Embed Frameworks */ = {isa = PBXBuildFile; fileRef = C9806CD0216049DD00F870B5 /* files.framework */; settings = {ATTRIBUTES = (CodeSignOnCopy, RemoveHeadersOnCopy, ); }; };
		C9806CFC21604A1400F870B5 /* ssh_cmd.framework in Embed Frameworks */ = {isa = PBXBuildFile; fileRef = C9806CD1216049DD00F870B5 /* ssh_cmd.framework */; settings = {ATTRIBUTES = (CodeSignOnCopy, RemoveHeadersOnCopy, ); }; };
		C9806CFE21604A1400F870B5 /* text.framework in Embed Frameworks */ = {isa = PBXBuildFile; fileRef = C9806CD2216049DD00F870B5 /* text.framework */; settings = {ATTRIBUTES = (CodeSignOnCopy, RemoveHeadersOnCopy, ); }; };
		C9806D0021604A1400F870B5 /* lua_ios.framework in Embed Frameworks */ = {isa = PBXBuildFile; fileRef = C9806CD3216049DD00F870B5 /* lua_ios.framework */; settings = {ATTRIBUTES = (CodeSignOnCopy, RemoveHeadersOnCopy, ); }; };
		C9806D0321604A3900F870B5 /* LibShell.swift in Sources */ = {isa = PBXBuildFile; fileRef = C9806D0221604A3900F870B5 /* LibShell.swift */; };
		C9806D0521604AE700F870B5 /* IO.swift in Sources */ = {isa = PBXBuildFile; fileRef = C9806D0421604AE700F870B5 /* IO.swift */; };
		C9806D0721604B2500F870B5 /* String.swift in Sources */ = {isa = PBXBuildFile; fileRef = C9806D0621604B2400F870B5 /* String.swift */; };
		C9806D0C21610B5400F870B5 /* commandDictionary.plist in Resources */ = {isa = PBXBuildFile; fileRef = C9806D0A21610B5300F870B5 /* commandDictionary.plist */; };
		C9806D0D21610B5400F870B5 /* extraCommandsDictionary.plist in Resources */ = {isa = PBXBuildFile; fileRef = C9806D0B21610B5300F870B5 /* extraCommandsDictionary.plist */; };
		C9806D0F21611EA100F870B5 /* Keys.swift in Sources */ = {isa = PBXBuildFile; fileRef = C9806D0E21611EA100F870B5 /* Keys.swift */; };
/* End PBXBuildFile section */

/* Begin PBXCopyFilesBuildPhase section */
		C9806D0121604A1500F870B5 /* Embed Frameworks */ = {
			isa = PBXCopyFilesBuildPhase;
			buildActionMask = 2147483647;
			dstPath = "";
			dstSubfolderSpec = 10;
			files = (
				C9806CF821604A1400F870B5 /* awk.framework in Embed Frameworks */,
				C9806CF621604A1400F870B5 /* tar.framework in Embed Frameworks */,
				C9806CFC21604A1400F870B5 /* ssh_cmd.framework in Embed Frameworks */,
				C9806CFA21604A1400F870B5 /* files.framework in Embed Frameworks */,
				C9806CF221604A1400F870B5 /* libssh2.framework in Embed Frameworks */,
				C9806D0021604A1400F870B5 /* lua_ios.framework in Embed Frameworks */,
				C9806CEC21604A1400F870B5 /* curl_ios.framework in Embed Frameworks */,
				C9806CF021604A1400F870B5 /* Python_ios.framework in Embed Frameworks */,
				C9806CFE21604A1400F870B5 /* text.framework in Embed Frameworks */,
				C9806CEE21604A1400F870B5 /* openssl.framework in Embed Frameworks */,
				C9806CE821604A1400F870B5 /* shell.framework in Embed Frameworks */,
				C9806CF421604A1400F870B5 /* ios_system.framework in Embed Frameworks */,
				C9806CEA21604A1400F870B5 /* network_ios.framework in Embed Frameworks */,
			);
			name = "Embed Frameworks";
			runOnlyForDeploymentPostprocessing = 0;
		};
/* End PBXCopyFilesBuildPhase section */

/* Begin PBXFileReference section */
		C91C345821612DBA0003BD90 /* clear.swift */ = {isa = PBXFileReference; lastKnownFileType = sourcecode.swift; path = clear.swift; sourceTree = "<group>"; };
		C91C345A21613A720003BD90 /* help.swift */ = {isa = PBXFileReference; lastKnownFileType = sourcecode.swift; path = help.swift; sourceTree = "<group>"; };
		C9806BC12160467E00F870B5 /* LibTerm.app */ = {isa = PBXFileReference; explicitFileType = wrapper.application; includeInIndex = 0; path = LibTerm.app; sourceTree = BUILT_PRODUCTS_DIR; };
		C9806BC42160467E00F870B5 /* AppDelegate.swift */ = {isa = PBXFileReference; lastKnownFileType = sourcecode.swift; path = AppDelegate.swift; sourceTree = "<group>"; };
		C9806BC62160467E00F870B5 /* TerminalViewController.swift */ = {isa = PBXFileReference; lastKnownFileType = sourcecode.swift; name = TerminalViewController.swift; path = "../New Group/TerminalViewController.swift"; sourceTree = "<group>"; };
		C9806BC92160467E00F870B5 /* Base */ = {isa = PBXFileReference; lastKnownFileType = file.storyboard; name = Base; path = Base.lproj/Main.storyboard; sourceTree = "<group>"; };
		C9806BCB2160468200F870B5 /* Assets.xcassets */ = {isa = PBXFileReference; lastKnownFileType = folder.assetcatalog; path = Assets.xcassets; sourceTree = "<group>"; };
		C9806BCE2160468200F870B5 /* Base */ = {isa = PBXFileReference; lastKnownFileType = file.storyboard; name = Base; path = Base.lproj/LaunchScreen.storyboard; sourceTree = "<group>"; };
		C9806BD02160468200F870B5 /* Info.plist */ = {isa = PBXFileReference; lastKnownFileType = text.plist.xml; path = Info.plist; sourceTree = "<group>"; };
		C9806CBA216048FC00F870B5 /* libz.tbd */ = {isa = PBXFileReference; lastKnownFileType = "sourcecode.text-based-dylib-definition"; name = libz.tbd; path = usr/lib/libz.tbd; sourceTree = SDKROOT; };
		C9806CBC2160492000F870B5 /* libsqlite3.tbd */ = {isa = PBXFileReference; lastKnownFileType = "sourcecode.text-based-dylib-definition"; name = libsqlite3.tbd; path = usr/lib/libsqlite3.tbd; sourceTree = SDKROOT; };
		C9806CC1216049DD00F870B5 /* libtexlua52.5.dylib */ = {isa = PBXFileReference; lastKnownFileType = "compiled.mach-o.dylib"; path = libtexlua52.5.dylib; sourceTree = "<group>"; };
		C9806CC2216049DD00F870B5 /* shell.framework */ = {isa = PBXFileReference; lastKnownFileType = wrapper.framework; path = shell.framework; sourceTree = "<group>"; };
		C9806CC3216049DD00F870B5 /* network_ios.framework */ = {isa = PBXFileReference; lastKnownFileType = wrapper.framework; path = network_ios.framework; sourceTree = "<group>"; };
		C9806CC4216049DD00F870B5 /* libkpathsea.6.dylib */ = {isa = PBXFileReference; lastKnownFileType = "compiled.mach-o.dylib"; path = libkpathsea.6.dylib; sourceTree = "<group>"; };
		C9806CC5216049DD00F870B5 /* curl_ios.framework */ = {isa = PBXFileReference; lastKnownFileType = wrapper.framework; path = curl_ios.framework; sourceTree = "<group>"; };
		C9806CC6216049DD00F870B5 /* libluatex.dylib */ = {isa = PBXFileReference; lastKnownFileType = "compiled.mach-o.dylib"; path = libluatex.dylib; sourceTree = "<group>"; };
		C9806CC7216049DD00F870B5 /* openssl.framework */ = {isa = PBXFileReference; lastKnownFileType = wrapper.framework; path = openssl.framework; sourceTree = "<group>"; };
		C9806CC8216049DD00F870B5 /* Python_ios.framework */ = {isa = PBXFileReference; lastKnownFileType = wrapper.framework; path = Python_ios.framework; sourceTree = "<group>"; };
		C9806CC9216049DD00F870B5 /* libssh2.framework */ = {isa = PBXFileReference; lastKnownFileType = wrapper.framework; path = libssh2.framework; sourceTree = "<group>"; };
		C9806CCA216049DD00F870B5 /* libctags.dylib */ = {isa = PBXFileReference; lastKnownFileType = "compiled.mach-o.dylib"; path = libctags.dylib; sourceTree = "<group>"; };
		C9806CCB216049DD00F870B5 /* ios_system.framework */ = {isa = PBXFileReference; lastKnownFileType = wrapper.framework; path = ios_system.framework; sourceTree = "<group>"; };
		C9806CCC216049DD00F870B5 /* libpdftex.dylib */ = {isa = PBXFileReference; lastKnownFileType = "compiled.mach-o.dylib"; path = libpdftex.dylib; sourceTree = "<group>"; };
		C9806CCD216049DD00F870B5 /* libbibtex.dylib */ = {isa = PBXFileReference; lastKnownFileType = "compiled.mach-o.dylib"; path = libbibtex.dylib; sourceTree = "<group>"; };
		C9806CCE216049DD00F870B5 /* tar.framework */ = {isa = PBXFileReference; lastKnownFileType = wrapper.framework; path = tar.framework; sourceTree = "<group>"; };
		C9806CCF216049DD00F870B5 /* awk.framework */ = {isa = PBXFileReference; lastKnownFileType = wrapper.framework; path = awk.framework; sourceTree = "<group>"; };
		C9806CD0216049DD00F870B5 /* files.framework */ = {isa = PBXFileReference; lastKnownFileType = wrapper.framework; path = files.framework; sourceTree = "<group>"; };
		C9806CD1216049DD00F870B5 /* ssh_cmd.framework */ = {isa = PBXFileReference; lastKnownFileType = wrapper.framework; path = ssh_cmd.framework; sourceTree = "<group>"; };
		C9806CD2216049DD00F870B5 /* text.framework */ = {isa = PBXFileReference; lastKnownFileType = wrapper.framework; path = text.framework; sourceTree = "<group>"; };
		C9806CD3216049DD00F870B5 /* lua_ios.framework */ = {isa = PBXFileReference; lastKnownFileType = wrapper.framework; path = lua_ios.framework; sourceTree = "<group>"; };
		C9806D0221604A3900F870B5 /* LibShell.swift */ = {isa = PBXFileReference; lastKnownFileType = sourcecode.swift; path = LibShell.swift; sourceTree = "<group>"; };
		C9806D0421604AE700F870B5 /* IO.swift */ = {isa = PBXFileReference; lastKnownFileType = sourcecode.swift; path = IO.swift; sourceTree = "<group>"; };
		C9806D0621604B2400F870B5 /* String.swift */ = {isa = PBXFileReference; fileEncoding = 4; lastKnownFileType = sourcecode.swift; path = String.swift; sourceTree = "<group>"; };
		C9806D0A21610B5300F870B5 /* commandDictionary.plist */ = {isa = PBXFileReference; fileEncoding = 4; lastKnownFileType = text.plist.xml; path = commandDictionary.plist; sourceTree = "<group>"; };
		C9806D0B21610B5300F870B5 /* extraCommandsDictionary.plist */ = {isa = PBXFileReference; fileEncoding = 4; lastKnownFileType = text.plist.xml; path = extraCommandsDictionary.plist; sourceTree = "<group>"; };
		C9806D0E21611EA100F870B5 /* Keys.swift */ = {isa = PBXFileReference; fileEncoding = 4; lastKnownFileType = sourcecode.swift; path = Keys.swift; sourceTree = "<group>"; };
/* End PBXFileReference section */

/* Begin PBXFrameworksBuildPhase section */
		C9806BBE2160467E00F870B5 /* Frameworks */ = {
			isa = PBXFrameworksBuildPhase;
			buildActionMask = 2147483647;
			files = (
			);
			runOnlyForDeploymentPostprocessing = 0;
		};
/* End PBXFrameworksBuildPhase section */

/* Begin PBXGroup section */
		C91C345721612DA20003BD90 /* Commands */ = {
			isa = PBXGroup;
			children = (
				C91C345821612DBA0003BD90 /* clear.swift */,
				C91C345A21613A720003BD90 /* help.swift */,
			);
			path = Commands;
			sourceTree = "<group>";
		};
		C9806BB82160467E00F870B5 = {
			isa = PBXGroup;
			children = (
				C9806CC0216049DD00F870B5 /* ios_system */,
				C9806BC32160467E00F870B5 /* LibTerm */,
				C9806BC22160467E00F870B5 /* Products */,
				C9806CB9216048FC00F870B5 /* Frameworks */,
			);
			sourceTree = "<group>";
		};
		C9806BC22160467E00F870B5 /* Products */ = {
			isa = PBXGroup;
			children = (
				C9806BC12160467E00F870B5 /* LibTerm.app */,
			);
			name = Products;
			sourceTree = "<group>";
		};
		C9806BC32160467E00F870B5 /* LibTerm */ = {
			isa = PBXGroup;
			children = (
				C9806BC42160467E00F870B5 /* AppDelegate.swift */,
				C9806D0221604A3900F870B5 /* LibShell.swift */,
				C9806D1121612B8D00F870B5 /* View controllers */,
				C9806D1221612BA800F870B5 /* Helpers */,
				C91C345721612DA20003BD90 /* Commands */,
				C9806D1021612B7A00F870B5 /* Resources */,
			);
			path = LibTerm;
			sourceTree = "<group>";
		};
		C9806CB9216048FC00F870B5 /* Frameworks */ = {
			isa = PBXGroup;
			children = (
				C9806CBC2160492000F870B5 /* libsqlite3.tbd */,
				C9806CBA216048FC00F870B5 /* libz.tbd */,
			);
			name = Frameworks;
			sourceTree = "<group>";
		};
		C9806CC0216049DD00F870B5 /* ios_system */ = {
			isa = PBXGroup;
			children = (
				C9806CC1216049DD00F870B5 /* libtexlua52.5.dylib */,
				C9806CC2216049DD00F870B5 /* shell.framework */,
				C9806CC3216049DD00F870B5 /* network_ios.framework */,
				C9806CC4216049DD00F870B5 /* libkpathsea.6.dylib */,
				C9806CC5216049DD00F870B5 /* curl_ios.framework */,
				C9806CC6216049DD00F870B5 /* libluatex.dylib */,
				C9806CC7216049DD00F870B5 /* openssl.framework */,
				C9806CC8216049DD00F870B5 /* Python_ios.framework */,
				C9806CC9216049DD00F870B5 /* libssh2.framework */,
				C9806CCA216049DD00F870B5 /* libctags.dylib */,
				C9806CCB216049DD00F870B5 /* ios_system.framework */,
				C9806CCC216049DD00F870B5 /* libpdftex.dylib */,
				C9806CCD216049DD00F870B5 /* libbibtex.dylib */,
				C9806CCE216049DD00F870B5 /* tar.framework */,
				C9806CCF216049DD00F870B5 /* awk.framework */,
				C9806CD0216049DD00F870B5 /* files.framework */,
				C9806CD1216049DD00F870B5 /* ssh_cmd.framework */,
				C9806CD2216049DD00F870B5 /* text.framework */,
				C9806CD3216049DD00F870B5 /* lua_ios.framework */,
			);
			path = ios_system;
			sourceTree = "<group>";
		};
		C9806D1021612B7A00F870B5 /* Resources */ = {
			isa = PBXGroup;
			children = (
				C9806BC82160467E00F870B5 /* Main.storyboard */,
				C9806BCB2160468200F870B5 /* Assets.xcassets */,
				C9806BCD2160468200F870B5 /* LaunchScreen.storyboard */,
				C9806BD02160468200F870B5 /* Info.plist */,
				C9806D0A21610B5300F870B5 /* commandDictionary.plist */,
				C9806D0B21610B5300F870B5 /* extraCommandsDictionary.plist */,
			);
			name = Resources;
			sourceTree = "<group>";
		};
		C9806D1121612B8D00F870B5 /* View controllers */ = {
			isa = PBXGroup;
			children = (
				C9806BC62160467E00F870B5 /* TerminalViewController.swift */,
			);
			path = "View controllers";
			sourceTree = "<group>";
		};
		C9806D1221612BA800F870B5 /* Helpers */ = {
			isa = PBXGroup;
			children = (
				C9806D0621604B2400F870B5 /* String.swift */,
				C9806D0E21611EA100F870B5 /* Keys.swift */,
				C9806D0421604AE700F870B5 /* IO.swift */,
			);
			path = Helpers;
			sourceTree = "<group>";
		};
/* End PBXGroup section */

/* Begin PBXNativeTarget section */
		C9806BC02160467E00F870B5 /* LibTerm */ = {
			isa = PBXNativeTarget;
			buildConfigurationList = C9806BD32160468200F870B5 /* Build configuration list for PBXNativeTarget "LibTerm" */;
			buildPhases = (
				C9806BBD2160467E00F870B5 /* Sources */,
				C9806BBE2160467E00F870B5 /* Frameworks */,
				C9806BBF2160467E00F870B5 /* Resources */,
				C9806D0121604A1500F870B5 /* Embed Frameworks */,
			);
			buildRules = (
			);
			dependencies = (
			);
			name = LibTerm;
			productName = LibTerm;
			productReference = C9806BC12160467E00F870B5 /* LibTerm.app */;
			productType = "com.apple.product-type.application";
		};
/* End PBXNativeTarget section */

/* Begin PBXProject section */
		C9806BB92160467E00F870B5 /* Project object */ = {
			isa = PBXProject;
			attributes = {
				LastSwiftUpdateCheck = 1000;
				LastUpgradeCheck = 1000;
				ORGANIZATIONNAME = "Adrian Labbe";
				TargetAttributes = {
					C9806BC02160467E00F870B5 = {
						CreatedOnToolsVersion = 10.0;
					};
				};
			};
			buildConfigurationList = C9806BBC2160467E00F870B5 /* Build configuration list for PBXProject "LibTerm" */;
			compatibilityVersion = "Xcode 9.3";
			developmentRegion = en;
			hasScannedForEncodings = 0;
			knownRegions = (
				en,
				Base,
			);
			mainGroup = C9806BB82160467E00F870B5;
			productRefGroup = C9806BC22160467E00F870B5 /* Products */;
			projectDirPath = "";
			projectRoot = "";
			targets = (
				C9806BC02160467E00F870B5 /* LibTerm */,
			);
		};
/* End PBXProject section */

/* Begin PBXResourcesBuildPhase section */
		C9806BBF2160467E00F870B5 /* Resources */ = {
			isa = PBXResourcesBuildPhase;
			buildActionMask = 2147483647;
			files = (
				C9806BCF2160468200F870B5 /* LaunchScreen.storyboard in Resources */,
				C9806BCC2160468200F870B5 /* Assets.xcassets in Resources */,
				C9806D0C21610B5400F870B5 /* commandDictionary.plist in Resources */,
				C9806D0D21610B5400F870B5 /* extraCommandsDictionary.plist in Resources */,
				C9806BCA2160467E00F870B5 /* Main.storyboard in Resources */,
			);
			runOnlyForDeploymentPostprocessing = 0;
		};
/* End PBXResourcesBuildPhase section */

/* Begin PBXSourcesBuildPhase section */
		C9806BBD2160467E00F870B5 /* Sources */ = {
			isa = PBXSourcesBuildPhase;
			buildActionMask = 2147483647;
			files = (
				C9806BC72160467E00F870B5 /* TerminalViewController.swift in Sources */,
				C9806D0F21611EA100F870B5 /* Keys.swift in Sources */,
				C91C345921612DBA0003BD90 /* clear.swift in Sources */,
				C9806BC52160467E00F870B5 /* AppDelegate.swift in Sources */,
				C9806D0721604B2500F870B5 /* String.swift in Sources */,
				C9806D0321604A3900F870B5 /* LibShell.swift in Sources */,
				C91C345B21613A720003BD90 /* help.swift in Sources */,
				C9806D0521604AE700F870B5 /* IO.swift in Sources */,
			);
			runOnlyForDeploymentPostprocessing = 0;
		};
/* End PBXSourcesBuildPhase section */

/* Begin PBXVariantGroup section */
		C9806BC82160467E00F870B5 /* Main.storyboard */ = {
			isa = PBXVariantGroup;
			children = (
				C9806BC92160467E00F870B5 /* Base */,
			);
			name = Main.storyboard;
			sourceTree = "<group>";
		};
		C9806BCD2160468200F870B5 /* LaunchScreen.storyboard */ = {
			isa = PBXVariantGroup;
			children = (
				C9806BCE2160468200F870B5 /* Base */,
			);
			name = LaunchScreen.storyboard;
			sourceTree = "<group>";
		};
/* End PBXVariantGroup section */

/* Begin XCBuildConfiguration section */
		C9806BD12160468200F870B5 /* Debug */ = {
			isa = XCBuildConfiguration;
			buildSettings = {
				ALWAYS_SEARCH_USER_PATHS = NO;
				CLANG_ANALYZER_NONNULL = YES;
				CLANG_ANALYZER_NUMBER_OBJECT_CONVERSION = YES_AGGRESSIVE;
				CLANG_CXX_LANGUAGE_STANDARD = "gnu++14";
				CLANG_CXX_LIBRARY = "libc++";
				CLANG_ENABLE_MODULES = YES;
				CLANG_ENABLE_OBJC_ARC = YES;
				CLANG_ENABLE_OBJC_WEAK = YES;
				CLANG_WARN_BLOCK_CAPTURE_AUTORELEASING = YES;
				CLANG_WARN_BOOL_CONVERSION = YES;
				CLANG_WARN_COMMA = YES;
				CLANG_WARN_CONSTANT_CONVERSION = YES;
				CLANG_WARN_DEPRECATED_OBJC_IMPLEMENTATIONS = YES;
				CLANG_WARN_DIRECT_OBJC_ISA_USAGE = YES_ERROR;
				CLANG_WARN_DOCUMENTATION_COMMENTS = YES;
				CLANG_WARN_EMPTY_BODY = YES;
				CLANG_WARN_ENUM_CONVERSION = YES;
				CLANG_WARN_INFINITE_RECURSION = YES;
				CLANG_WARN_INT_CONVERSION = YES;
				CLANG_WARN_NON_LITERAL_NULL_CONVERSION = YES;
				CLANG_WARN_OBJC_IMPLICIT_RETAIN_SELF = YES;
				CLANG_WARN_OBJC_LITERAL_CONVERSION = YES;
				CLANG_WARN_OBJC_ROOT_CLASS = YES_ERROR;
				CLANG_WARN_RANGE_LOOP_ANALYSIS = YES;
				CLANG_WARN_STRICT_PROTOTYPES = YES;
				CLANG_WARN_SUSPICIOUS_MOVE = YES;
				CLANG_WARN_UNGUARDED_AVAILABILITY = YES_AGGRESSIVE;
				CLANG_WARN_UNREACHABLE_CODE = YES;
				CLANG_WARN__DUPLICATE_METHOD_MATCH = YES;
				CODE_SIGN_IDENTITY = "iPhone Developer";
				COPY_PHASE_STRIP = NO;
				DEBUG_INFORMATION_FORMAT = dwarf;
				ENABLE_STRICT_OBJC_MSGSEND = YES;
				ENABLE_TESTABILITY = YES;
				GCC_C_LANGUAGE_STANDARD = gnu11;
				GCC_DYNAMIC_NO_PIC = NO;
				GCC_NO_COMMON_BLOCKS = YES;
				GCC_OPTIMIZATION_LEVEL = 0;
				GCC_PREPROCESSOR_DEFINITIONS = (
					"DEBUG=1",
					"$(inherited)",
				);
				GCC_WARN_64_TO_32_BIT_CONVERSION = YES;
				GCC_WARN_ABOUT_RETURN_TYPE = YES_ERROR;
				GCC_WARN_UNDECLARED_SELECTOR = YES;
				GCC_WARN_UNINITIALIZED_AUTOS = YES_AGGRESSIVE;
				GCC_WARN_UNUSED_FUNCTION = YES;
				GCC_WARN_UNUSED_VARIABLE = YES;
				IPHONEOS_DEPLOYMENT_TARGET = 12.0;
				MTL_ENABLE_DEBUG_INFO = INCLUDE_SOURCE;
				MTL_FAST_MATH = YES;
				ONLY_ACTIVE_ARCH = YES;
				SDKROOT = iphoneos;
				SWIFT_ACTIVE_COMPILATION_CONDITIONS = DEBUG;
				SWIFT_OPTIMIZATION_LEVEL = "-Onone";
			};
			name = Debug;
		};
		C9806BD22160468200F870B5 /* Release */ = {
			isa = XCBuildConfiguration;
			buildSettings = {
				ALWAYS_SEARCH_USER_PATHS = NO;
				CLANG_ANALYZER_NONNULL = YES;
				CLANG_ANALYZER_NUMBER_OBJECT_CONVERSION = YES_AGGRESSIVE;
				CLANG_CXX_LANGUAGE_STANDARD = "gnu++14";
				CLANG_CXX_LIBRARY = "libc++";
				CLANG_ENABLE_MODULES = YES;
				CLANG_ENABLE_OBJC_ARC = YES;
				CLANG_ENABLE_OBJC_WEAK = YES;
				CLANG_WARN_BLOCK_CAPTURE_AUTORELEASING = YES;
				CLANG_WARN_BOOL_CONVERSION = YES;
				CLANG_WARN_COMMA = YES;
				CLANG_WARN_CONSTANT_CONVERSION = YES;
				CLANG_WARN_DEPRECATED_OBJC_IMPLEMENTATIONS = YES;
				CLANG_WARN_DIRECT_OBJC_ISA_USAGE = YES_ERROR;
				CLANG_WARN_DOCUMENTATION_COMMENTS = YES;
				CLANG_WARN_EMPTY_BODY = YES;
				CLANG_WARN_ENUM_CONVERSION = YES;
				CLANG_WARN_INFINITE_RECURSION = YES;
				CLANG_WARN_INT_CONVERSION = YES;
				CLANG_WARN_NON_LITERAL_NULL_CONVERSION = YES;
				CLANG_WARN_OBJC_IMPLICIT_RETAIN_SELF = YES;
				CLANG_WARN_OBJC_LITERAL_CONVERSION = YES;
				CLANG_WARN_OBJC_ROOT_CLASS = YES_ERROR;
				CLANG_WARN_RANGE_LOOP_ANALYSIS = YES;
				CLANG_WARN_STRICT_PROTOTYPES = YES;
				CLANG_WARN_SUSPICIOUS_MOVE = YES;
				CLANG_WARN_UNGUARDED_AVAILABILITY = YES_AGGRESSIVE;
				CLANG_WARN_UNREACHABLE_CODE = YES;
				CLANG_WARN__DUPLICATE_METHOD_MATCH = YES;
				CODE_SIGN_IDENTITY = "iPhone Developer";
				COPY_PHASE_STRIP = NO;
				DEBUG_INFORMATION_FORMAT = "dwarf-with-dsym";
				ENABLE_NS_ASSERTIONS = NO;
				ENABLE_STRICT_OBJC_MSGSEND = YES;
				GCC_C_LANGUAGE_STANDARD = gnu11;
				GCC_NO_COMMON_BLOCKS = YES;
				GCC_WARN_64_TO_32_BIT_CONVERSION = YES;
				GCC_WARN_ABOUT_RETURN_TYPE = YES_ERROR;
				GCC_WARN_UNDECLARED_SELECTOR = YES;
				GCC_WARN_UNINITIALIZED_AUTOS = YES_AGGRESSIVE;
				GCC_WARN_UNUSED_FUNCTION = YES;
				GCC_WARN_UNUSED_VARIABLE = YES;
				IPHONEOS_DEPLOYMENT_TARGET = 12.0;
				MTL_ENABLE_DEBUG_INFO = NO;
				MTL_FAST_MATH = YES;
				SDKROOT = iphoneos;
				SWIFT_COMPILATION_MODE = wholemodule;
				SWIFT_OPTIMIZATION_LEVEL = "-O";
				VALIDATE_PRODUCT = YES;
			};
			name = Release;
		};
		C9806BD42160468200F870B5 /* Debug */ = {
			isa = XCBuildConfiguration;
			buildSettings = {
				ASSETCATALOG_COMPILER_APPICON_NAME = AppIcon;
				CODE_SIGN_STYLE = Automatic;
				DEVELOPMENT_TEAM = Y96PL6G497;
				FRAMEWORK_SEARCH_PATHS = (
					"$(inherited)",
					"$(PROJECT_DIR)/ios_system",
				);
				INFOPLIST_FILE = LibTerm/Info.plist;
				LD_RUNPATH_SEARCH_PATHS = (
					"$(inherited)",
					"@executable_path/Frameworks",
				);
				LIBRARY_SEARCH_PATHS = (
					"$(inherited)",
					"$(PROJECT_DIR)/ios_system",
				);
				PRODUCT_BUNDLE_IDENTIFIER = ch.marcela.ada.LibTerm;
				PRODUCT_NAME = "$(TARGET_NAME)";
				SWIFT_VERSION = 4.2;
				TARGETED_DEVICE_FAMILY = "1,2";
			};
			name = Debug;
		};
		C9806BD52160468200F870B5 /* Release */ = {
			isa = XCBuildConfiguration;
			buildSettings = {
				ASSETCATALOG_COMPILER_APPICON_NAME = AppIcon;
				CODE_SIGN_STYLE = Automatic;
				DEVELOPMENT_TEAM = Y96PL6G497;
				FRAMEWORK_SEARCH_PATHS = (
					"$(inherited)",
					"$(PROJECT_DIR)/ios_system",
				);
				INFOPLIST_FILE = LibTerm/Info.plist;
				LD_RUNPATH_SEARCH_PATHS = (
					"$(inherited)",
					"@executable_path/Frameworks",
				);
				LIBRARY_SEARCH_PATHS = (
					"$(inherited)",
					"$(PROJECT_DIR)/ios_system",
				);
				PRODUCT_BUNDLE_IDENTIFIER = ch.marcela.ada.LibTerm;
				PRODUCT_NAME = "$(TARGET_NAME)";
				SWIFT_VERSION = 4.2;
				TARGETED_DEVICE_FAMILY = "1,2";
			};
			name = Release;
		};
/* End XCBuildConfiguration section */

/* Begin XCConfigurationList section */
		C9806BBC2160467E00F870B5 /* Build configuration list for PBXProject "LibTerm" */ = {
			isa = XCConfigurationList;
			buildConfigurations = (
				C9806BD12160468200F870B5 /* Debug */,
				C9806BD22160468200F870B5 /* Release */,
			);
			defaultConfigurationIsVisible = 0;
			defaultConfigurationName = Release;
		};
		C9806BD32160468200F870B5 /* Build configuration list for PBXNativeTarget "LibTerm" */ = {
			isa = XCConfigurationList;
			buildConfigurations = (
				C9806BD42160468200F870B5 /* Debug */,
				C9806BD52160468200F870B5 /* Release */,
			);
			defaultConfigurationIsVisible = 0;
			defaultConfigurationName = Release;
		};
/* End XCConfigurationList section */
	};
	rootObject = C9806BB92160467E00F870B5 /* Project object */;
}
